{
  "version": 4,
  "terraform_version": "1.9.4",
  "serial": 176,
  "lineage": "b4620a81-8b71-2bd7-a23d-51988a735dd3",
  "outputs": {
    "airbyte_external_ip": {
      "value": "35.197.20.45",
      "type": "string"
    },
    "airflow_external_ip": {
      "value": "35.230.48.12",
      "type": "string"
    },
    "metabase_external_ip": {
      "value": "35.230.80.123",
      "type": "string"
    },
    "mongodb_internal_ip": {
      "value": "10.0.0.29",
      "type": "string"
    }
  },
  "resources": [
    {
      "mode": "data",
      "type": "archive_file",
      "name": "trigger_airflow_sync_zip",
      "provider": "provider[\"registry.terraform.io/hashicorp/archive\"]",
      "instances": [
        {
          "schema_version": 0,
          "attributes": {
            "exclude_symlink_directories": null,
            "excludes": null,
            "id": "27f6be955514f2d0b869e529b7cd694182d405ac",
            "output_base64sha256": "AwCzFGC/UsNKpTS20dsnks0tzrOsQCSKR+SMMjnKrnw=",
            "output_base64sha512": "rQsoC9RQXPZqrJrbVTow9dg6KOO3ObNkaQIyrlBzUSfpS/jay00y7LmPXwpyYWrfIgp+MRf/SOYX5V81uCvr+w==",
            "output_file_mode": null,
            "output_md5": "b2f99d806d2d1d98592ca85a6430bfc1",
            "output_path": "cloud_functions/trigger_airflow_sync.zip",
            "output_sha": "27f6be955514f2d0b869e529b7cd694182d405ac",
            "output_sha256": "0300b31460bf52c34aa534b6d1db2792cd2dceb3ac40248a47e48c3239caae7c",
            "output_sha512": "ad0b280bd4505cf66aac9adb553a30f5d83a28e3b739b364690232ae50735127e94bf8dacb4d32ecb98f5f0a72616adf220a7e3117ff48e617e55f35b82bebfb",
            "output_size": 946,
            "source": [],
            "source_content": null,
            "source_content_filename": null,
            "source_dir": "cloud_functions/trigger_airflow_sync/",
            "source_file": null,
            "type": "zip"
          },
          "sensitive_attributes": []
        }
      ]
    },
    {
      "mode": "managed",
      "type": "google_bigquery_dataset",
      "name": "data_warehouse",
      "provider": "provider[\"registry.terraform.io/hashicorp/google\"]",
      "instances": [
        {
          "schema_version": 0,
          "attributes": {
            "access": [
              {
                "dataset": [],
                "domain": "",
                "group_by_email": "",
                "role": "OWNER",
                "routine": [],
                "special_group": "",
                "user_by_email": "alan.lanceloth@gmail.com",
                "view": []
              },
              {
                "dataset": [],
                "domain": "",
                "group_by_email": "",
                "role": "OWNER",
                "routine": [],
                "special_group": "projectOwners",
                "user_by_email": "",
                "view": []
              },
              {
                "dataset": [],
                "domain": "",
                "group_by_email": "",
                "role": "READER",
                "routine": [],
                "special_group": "projectReaders",
                "user_by_email": "",
                "view": []
              },
              {
                "dataset": [],
                "domain": "",
                "group_by_email": "",
                "role": "WRITER",
                "routine": [],
                "special_group": "projectWriters",
                "user_by_email": "",
                "view": []
              }
            ],
            "creation_time": 1727312755025,
            "dataset_id": "data_warehouse",
            "default_collation": "",
            "default_encryption_configuration": [],
            "default_partition_expiration_ms": 0,
            "default_table_expiration_ms": 0,
            "delete_contents_on_destroy": false,
            "description": "Dataset BigQuery para data warehouse",
            "etag": "0TiC+7NHkCXaHOPRS0W7pQ==",
            "friendly_name": "Data Warehouse",
            "id": "projects/liti-case-analytics-engineer/datasets/data_warehouse",
            "is_case_insensitive": false,
            "labels": {
              "managed-by": "terraform",
              "name": "data_warehouse"
            },
            "last_modified_time": 1727312755025,
            "location": "us-west1",
            "max_time_travel_hours": "",
            "project": "liti-case-analytics-engineer",
            "self_link": "https://bigquery.googleapis.com/bigquery/v2/projects/liti-case-analytics-engineer/datasets/data_warehouse",
            "storage_billing_model": "",
            "timeouts": null
          },
          "sensitive_attributes": [],
          "private": "eyJlMmJmYjczMC1lY2FhLTExZTYtOGY4OC0zNDM2M2JjN2M0YzAiOnsiY3JlYXRlIjoxMjAwMDAwMDAwMDAwLCJkZWxldGUiOjEyMDAwMDAwMDAwMDAsInVwZGF0ZSI6MTIwMDAwMDAwMDAwMH19"
        }
      ]
    },
    {
      "mode": "managed",
      "type": "google_cloudfunctions_function",
      "name": "trigger_airflow_sync",
      "provider": "provider[\"registry.terraform.io/hashicorp/google\"]",
      "instances": [
        {
          "schema_version": 0,
          "attributes": {
            "available_memory_mb": 256,
            "build_environment_variables": null,
            "build_worker_pool": "",
            "description": "Função para acionar a DAG de sincronização do Airflow quando houver atualizações nas DAGs no GCS.",
            "docker_registry": "ARTIFACT_REGISTRY",
            "docker_repository": "",
            "entry_point": "trigger_airflow_sync",
            "environment_variables": {
              "AIRFLOW_API_PASSWORD": "projects/liti-case-analytics-engineer/secrets/airflow-api-password/versions/latest",
              "AIRFLOW_API_URL": "projects/liti-case-analytics-engineer/secrets/airflow-api-url/versions/latest",
              "AIRFLOW_API_USERNAME": "projects/liti-case-analytics-engineer/secrets/airflow-api-username/versions/latest",
              "GCP_PROJECT": "liti-case-analytics-engineer"
            },
            "event_trigger": [
              {
                "event_type": "google.pubsub.topic.publish",
                "failure_policy": [
                  {
                    "retry": false
                  }
                ],
                "resource": "projects/liti-case-analytics-engineer/topics/dag-updates-topic"
              }
            ],
            "https_trigger_security_level": null,
            "https_trigger_url": null,
            "id": "projects/liti-case-analytics-engineer/locations/us-west1/functions/trigger-airflow-sync",
            "ingress_settings": "ALLOW_ALL",
            "kms_key_name": "",
            "labels": {},
            "max_instances": 3000,
            "min_instances": 0,
            "name": "trigger-airflow-sync",
            "project": "liti-case-analytics-engineer",
            "region": "us-west1",
            "runtime": "python39",
            "secret_environment_variables": [],
            "secret_volumes": [],
            "service_account_email": "cloudfunction-sa@liti-case-analytics-engineer.iam.gserviceaccount.com",
            "source_archive_bucket": "liti-case-analytics-engineer-functions-code",
            "source_archive_object": "trigger_airflow_sync.zip",
            "source_repository": [],
            "status": "ACTIVE",
            "timeout": 60,
            "timeouts": null,
            "trigger_http": null,
            "vpc_connector": "",
            "vpc_connector_egress_settings": ""
          },
          "sensitive_attributes": [],
          "private": "eyJlMmJmYjczMC1lY2FhLTExZTYtOGY4OC0zNDM2M2JjN2M0YzAiOnsiY3JlYXRlIjozMDAwMDAwMDAwMDAsImRlbGV0ZSI6MzAwMDAwMDAwMDAwLCJyZWFkIjozMDAwMDAwMDAwMDAsInVwZGF0ZSI6MzAwMDAwMDAwMDAwfX0=",
          "dependencies": [
            "data.archive_file.trigger_airflow_sync_zip",
            "google_compute_address.airflow_ip",
            "google_project_service.artifactregistry",
            "google_project_service.cloudfunctions",
            "google_project_service.pubsub",
            "google_project_service.secretmanager",
            "google_pubsub_topic.dag_updates",
            "google_pubsub_topic_iam_member.allow_gcs_publisher",
            "google_secret_manager_secret.airflow_api_password",
            "google_secret_manager_secret.airflow_api_url",
            "google_secret_manager_secret.airflow_api_username",
            "google_secret_manager_secret_version.airflow_api_password_version",
            "google_secret_manager_secret_version.airflow_api_url_version",
            "google_secret_manager_secret_version.airflow_api_username_version",
            "google_service_account.cloud_function_sa",
            "google_storage_bucket.functions_bucket",
            "google_storage_bucket_object.function_zip"
          ]
        }
      ]
    },
    {
      "mode": "managed",
      "type": "google_compute_address",
      "name": "airbyte_ip",
      "provider": "provider[\"registry.terraform.io/hashicorp/google\"]",
      "instances": [
        {
          "schema_version": 0,
          "attributes": {
            "address": "35.230.48.12",
            "address_type": "EXTERNAL",
            "creation_timestamp": "2024-09-26T17:35:30.438-07:00",
            "description": "",
            "id": "projects/liti-case-analytics-engineer/regions/us-west1/addresses/airbyte-ip",
            "ip_version": "",
            "ipv6_endpoint_type": "",
            "name": "airbyte-ip",
            "network": "",
            "network_tier": "PREMIUM",
            "prefix_length": 0,
            "project": "liti-case-analytics-engineer",
            "purpose": "",
            "region": "us-west1",
            "self_link": "https://www.googleapis.com/compute/v1/projects/liti-case-analytics-engineer/regions/us-west1/addresses/airbyte-ip",
            "subnetwork": "",
            "timeouts": null,
            "users": [
              "https://www.googleapis.com/compute/v1/projects/liti-case-analytics-engineer/zones/us-west1-b/instances/airflow-instance"
            ]
          },
          "sensitive_attributes": [],
          "private": "eyJlMmJmYjczMC1lY2FhLTExZTYtOGY4OC0zNDM2M2JjN2M0YzAiOnsiY3JlYXRlIjoxMjAwMDAwMDAwMDAwLCJkZWxldGUiOjEyMDAwMDAwMDAwMDB9fQ=="
        }
      ]
    },
    {
      "mode": "managed",
      "type": "google_compute_address",
      "name": "airflow_ip",
      "provider": "provider[\"registry.terraform.io/hashicorp/google\"]",
      "instances": [
        {
          "schema_version": 0,
          "attributes": {
            "address": "35.197.20.45",
            "address_type": "EXTERNAL",
            "creation_timestamp": "2024-09-26T17:35:30.896-07:00",
            "description": "",
            "id": "projects/liti-case-analytics-engineer/regions/us-west1/addresses/airflow-ip",
            "ip_version": "",
            "ipv6_endpoint_type": "",
            "name": "airflow-ip",
            "network": "",
            "network_tier": "PREMIUM",
            "prefix_length": 0,
            "project": "liti-case-analytics-engineer",
            "purpose": "",
            "region": "us-west1",
            "self_link": "https://www.googleapis.com/compute/v1/projects/liti-case-analytics-engineer/regions/us-west1/addresses/airflow-ip",
            "subnetwork": "",
            "timeouts": null,
            "users": [
              "https://www.googleapis.com/compute/v1/projects/liti-case-analytics-engineer/zones/us-west1-b/instances/airbyte-instance"
            ]
          },
          "sensitive_attributes": [],
          "private": "eyJlMmJmYjczMC1lY2FhLTExZTYtOGY4OC0zNDM2M2JjN2M0YzAiOnsiY3JlYXRlIjoxMjAwMDAwMDAwMDAwLCJkZWxldGUiOjEyMDAwMDAwMDAwMDB9fQ=="
        }
      ]
    },
    {
      "mode": "managed",
      "type": "google_compute_address",
      "name": "metabase_ip",
      "provider": "provider[\"registry.terraform.io/hashicorp/google\"]",
      "instances": [
        {
          "schema_version": 0,
          "attributes": {
            "address": "35.230.80.123",
            "address_type": "EXTERNAL",
            "creation_timestamp": "2024-09-26T17:17:13.769-07:00",
            "description": "",
            "id": "projects/liti-case-analytics-engineer/regions/us-west1/addresses/metabase-ip",
            "ip_version": "",
            "ipv6_endpoint_type": "",
            "name": "metabase-ip",
            "network": "",
            "network_tier": "PREMIUM",
            "prefix_length": 0,
            "project": "liti-case-analytics-engineer",
            "purpose": "",
            "region": "us-west1",
            "self_link": "https://www.googleapis.com/compute/v1/projects/liti-case-analytics-engineer/regions/us-west1/addresses/metabase-ip",
            "subnetwork": "",
            "timeouts": null,
            "users": [
              "https://www.googleapis.com/compute/v1/projects/liti-case-analytics-engineer/zones/us-west1-b/instances/metabase-instance"
            ]
          },
          "sensitive_attributes": [],
          "private": "eyJlMmJmYjczMC1lY2FhLTExZTYtOGY4OC0zNDM2M2JjN2M0YzAiOnsiY3JlYXRlIjoxMjAwMDAwMDAwMDAwLCJkZWxldGUiOjEyMDAwMDAwMDAwMDB9fQ=="
        }
      ]
    },
    {
      "mode": "managed",
      "type": "google_compute_address",
      "name": "mongodb_ip",
      "provider": "provider[\"registry.terraform.io/hashicorp/google\"]",
      "instances": [
        {
          "schema_version": 0,
          "attributes": {
            "address": "34.83.94.111",
            "address_type": "EXTERNAL",
            "creation_timestamp": "2024-09-28T15:29:39.290-07:00",
            "description": "",
            "id": "projects/liti-case-analytics-engineer/regions/us-west1/addresses/mongodb-ip",
            "ip_version": "",
            "ipv6_endpoint_type": "",
            "name": "mongodb-ip",
            "network": "",
            "network_tier": "PREMIUM",
            "prefix_length": 0,
            "project": "liti-case-analytics-engineer",
            "purpose": "",
            "region": "us-west1",
            "self_link": "https://www.googleapis.com/compute/v1/projects/liti-case-analytics-engineer/regions/us-west1/addresses/mongodb-ip",
            "subnetwork": "",
            "timeouts": null,
            "users": []
          },
          "sensitive_attributes": [],
          "private": "eyJlMmJmYjczMC1lY2FhLTExZTYtOGY4OC0zNDM2M2JjN2M0YzAiOnsiY3JlYXRlIjoxMjAwMDAwMDAwMDAwLCJkZWxldGUiOjEyMDAwMDAwMDAwMDB9fQ=="
        }
      ]
    },
    {
      "mode": "managed",
      "type": "google_compute_firewall",
      "name": "allow_airflow",
      "provider": "provider[\"registry.terraform.io/hashicorp/google\"]",
      "instances": [
        {
          "schema_version": 1,
          "attributes": {
            "allow": [
              {
                "ports": [
                  "22",
                  "8080"
                ],
                "protocol": "tcp"
              }
            ],
            "creation_timestamp": "2024-09-25T18:06:07.414-07:00",
            "deny": [],
            "description": "",
            "destination_ranges": [],
            "direction": "INGRESS",
            "disabled": false,
            "enable_logging": null,
            "id": "projects/liti-case-analytics-engineer/global/firewalls/allow-airflow",
            "log_config": [],
            "name": "allow-airflow",
            "network": "https://www.googleapis.com/compute/v1/projects/liti-case-analytics-engineer/global/networks/data-platform-network",
            "priority": 1000,
            "project": "liti-case-analytics-engineer",
            "self_link": "https://www.googleapis.com/compute/v1/projects/liti-case-analytics-engineer/global/firewalls/allow-airflow",
            "source_ranges": [
              "177.128.8.127/32"
            ],
            "source_service_accounts": [],
            "source_tags": [],
            "target_service_accounts": [],
            "target_tags": [
              "airflow"
            ],
            "timeouts": null
          },
          "sensitive_attributes": [],
          "private": "eyJlMmJmYjczMC1lY2FhLTExZTYtOGY4OC0zNDM2M2JjN2M0YzAiOnsiY3JlYXRlIjoxMjAwMDAwMDAwMDAwLCJkZWxldGUiOjEyMDAwMDAwMDAwMDAsInVwZGF0ZSI6MTIwMDAwMDAwMDAwMH0sInNjaGVtYV92ZXJzaW9uIjoiMSJ9",
          "dependencies": [
            "google_compute_network.vpc_network"
          ]
        }
      ]
    },
    {
      "mode": "managed",
      "type": "google_compute_firewall",
      "name": "allow_internal",
      "provider": "provider[\"registry.terraform.io/hashicorp/google\"]",
      "instances": [
        {
          "schema_version": 1,
          "attributes": {
            "allow": [
              {
                "ports": [
                  "0-65535"
                ],
                "protocol": "tcp"
              }
            ],
            "creation_timestamp": "2024-09-25T18:06:07.316-07:00",
            "deny": [],
            "description": "",
            "destination_ranges": [],
            "direction": "INGRESS",
            "disabled": false,
            "enable_logging": null,
            "id": "projects/liti-case-analytics-engineer/global/firewalls/allow-internal",
            "log_config": [],
            "name": "allow-internal",
            "network": "https://www.googleapis.com/compute/v1/projects/liti-case-analytics-engineer/global/networks/data-platform-network",
            "priority": 1000,
            "project": "liti-case-analytics-engineer",
            "self_link": "https://www.googleapis.com/compute/v1/projects/liti-case-analytics-engineer/global/firewalls/allow-internal",
            "source_ranges": [
              "10.0.0.0/16"
            ],
            "source_service_accounts": [],
            "source_tags": [],
            "target_service_accounts": [],
            "target_tags": [],
            "timeouts": null
          },
          "sensitive_attributes": [],
          "private": "eyJlMmJmYjczMC1lY2FhLTExZTYtOGY4OC0zNDM2M2JjN2M0YzAiOnsiY3JlYXRlIjoxMjAwMDAwMDAwMDAwLCJkZWxldGUiOjEyMDAwMDAwMDAwMDAsInVwZGF0ZSI6MTIwMDAwMDAwMDAwMH0sInNjaGVtYV92ZXJzaW9uIjoiMSJ9",
          "dependencies": [
            "google_compute_network.vpc_network"
          ]
        }
      ]
    },
    {
      "mode": "managed",
      "type": "google_compute_firewall",
      "name": "allow_mongodb_ingress",
      "provider": "provider[\"registry.terraform.io/hashicorp/google\"]",
      "instances": [
        {
          "schema_version": 1,
          "attributes": {
            "allow": [
              {
                "ports": [
                  "27017"
                ],
                "protocol": "tcp"
              }
            ],
            "creation_timestamp": "2024-09-26T19:38:28.841-07:00",
            "deny": [],
            "description": "",
            "destination_ranges": [],
            "direction": "INGRESS",
            "disabled": false,
            "enable_logging": null,
            "id": "projects/liti-case-analytics-engineer/global/firewalls/allow-mongodb-ingress",
            "log_config": [],
            "name": "allow-mongodb-ingress",
            "network": "https://www.googleapis.com/compute/v1/projects/liti-case-analytics-engineer/global/networks/data-platform-network",
            "priority": 1000,
            "project": "liti-case-analytics-engineer",
            "self_link": "https://www.googleapis.com/compute/v1/projects/liti-case-analytics-engineer/global/firewalls/allow-mongodb-ingress",
            "source_ranges": [
              "0.0.0.0/0"
            ],
            "source_service_accounts": [],
            "source_tags": [],
            "target_service_accounts": [],
            "target_tags": [
              "mongodb"
            ],
            "timeouts": null
          },
          "sensitive_attributes": [],
          "private": "eyJlMmJmYjczMC1lY2FhLTExZTYtOGY4OC0zNDM2M2JjN2M0YzAiOnsiY3JlYXRlIjoxMjAwMDAwMDAwMDAwLCJkZWxldGUiOjEyMDAwMDAwMDAwMDAsInVwZGF0ZSI6MTIwMDAwMDAwMDAwMH0sInNjaGVtYV92ZXJzaW9uIjoiMSJ9",
          "dependencies": [
            "google_compute_network.vpc_network"
          ]
        }
      ]
    },
    {
      "mode": "managed",
      "type": "google_compute_firewall",
      "name": "allow_postgres_ingress",
      "provider": "provider[\"registry.terraform.io/hashicorp/google\"]",
      "instances": [
        {
          "schema_version": 1,
          "attributes": {
            "allow": [
              {
                "ports": [
                  "5432"
                ],
                "protocol": "tcp"
              }
            ],
            "creation_timestamp": "2024-09-26T17:17:17.334-07:00",
            "deny": [],
            "description": "",
            "destination_ranges": [],
            "direction": "INGRESS",
            "disabled": false,
            "enable_logging": null,
            "id": "projects/liti-case-analytics-engineer/global/firewalls/allow-postgres-ingress",
            "log_config": [],
            "name": "allow-postgres-ingress",
            "network": "https://www.googleapis.com/compute/v1/projects/liti-case-analytics-engineer/global/networks/data-platform-network",
            "priority": 1000,
            "project": "liti-case-analytics-engineer",
            "self_link": "https://www.googleapis.com/compute/v1/projects/liti-case-analytics-engineer/global/firewalls/allow-postgres-ingress",
            "source_ranges": [
              "35.197.20.45/32",
              "35.230.48.12/32",
              "35.230.80.123/32"
            ],
            "source_service_accounts": [],
            "source_tags": [],
            "target_service_accounts": [],
            "target_tags": [],
            "timeouts": null
          },
          "sensitive_attributes": [],
          "private": "eyJlMmJmYjczMC1lY2FhLTExZTYtOGY4OC0zNDM2M2JjN2M0YzAiOnsiY3JlYXRlIjoxMjAwMDAwMDAwMDAwLCJkZWxldGUiOjEyMDAwMDAwMDAwMDAsInVwZGF0ZSI6MTIwMDAwMDAwMDAwMH0sInNjaGVtYV92ZXJzaW9uIjoiMSJ9",
          "dependencies": [
            "google_compute_address.airbyte_ip",
            "google_compute_address.airflow_ip",
            "google_compute_address.metabase_ip",
            "google_compute_network.vpc_network"
          ]
        }
      ]
    },
    {
      "mode": "managed",
      "type": "google_compute_firewall",
      "name": "allow_ssh_http",
      "provider": "provider[\"registry.terraform.io/hashicorp/google\"]",
      "instances": [
        {
          "schema_version": 1,
          "attributes": {
            "allow": [
              {
                "ports": [
                  "22",
                  "80",
                  "443",
                  "8000",
                  "8080",
                  "3000"
                ],
                "protocol": "tcp"
              }
            ],
            "creation_timestamp": "2024-09-25T18:06:07.337-07:00",
            "deny": [],
            "description": "",
            "destination_ranges": [],
            "direction": "INGRESS",
            "disabled": false,
            "enable_logging": null,
            "id": "projects/liti-case-analytics-engineer/global/firewalls/allow-ssh-http",
            "log_config": [],
            "name": "allow-ssh-http",
            "network": "https://www.googleapis.com/compute/v1/projects/liti-case-analytics-engineer/global/networks/data-platform-network",
            "priority": 1000,
            "project": "liti-case-analytics-engineer",
            "self_link": "https://www.googleapis.com/compute/v1/projects/liti-case-analytics-engineer/global/firewalls/allow-ssh-http",
            "source_ranges": [
              "177.128.8.127/32"
            ],
            "source_service_accounts": [],
            "source_tags": [],
            "target_service_accounts": [],
            "target_tags": [],
            "timeouts": null
          },
          "sensitive_attributes": [],
          "private": "eyJlMmJmYjczMC1lY2FhLTExZTYtOGY4OC0zNDM2M2JjN2M0YzAiOnsiY3JlYXRlIjoxMjAwMDAwMDAwMDAwLCJkZWxldGUiOjEyMDAwMDAwMDAwMDAsInVwZGF0ZSI6MTIwMDAwMDAwMDAwMH0sInNjaGVtYV92ZXJzaW9uIjoiMSJ9",
          "dependencies": [
            "google_compute_network.vpc_network"
          ]
        }
      ]
    },
    {
      "mode": "managed",
      "type": "google_compute_instance",
      "name": "airbyte_instance",
      "provider": "provider[\"registry.terraform.io/hashicorp/google\"]",
      "instances": [
        {
          "schema_version": 6,
          "attributes": {
            "advanced_machine_features": [],
            "allow_stopping_for_update": null,
            "attached_disk": [],
            "boot_disk": [
              {
                "auto_delete": true,
                "device_name": "persistent-disk-0",
                "disk_encryption_key_raw": "",
                "disk_encryption_key_sha256": "",
                "initialize_params": [
                  {
                    "image": "https://www.googleapis.com/compute/v1/projects/debian-cloud/global/images/debian-11-bullseye-v20240910",
                    "labels": {},
                    "resource_manager_tags": {},
                    "size": 20,
                    "type": "pd-standard"
                  }
                ],
                "kms_key_self_link": "",
                "mode": "READ_WRITE",
                "source": "https://www.googleapis.com/compute/v1/projects/liti-case-analytics-engineer/zones/us-west1-b/disks/airbyte-instance"
              }
            ],
            "can_ip_forward": false,
            "confidential_instance_config": [],
            "cpu_platform": "Intel Broadwell",
            "current_status": "RUNNING",
            "deletion_protection": false,
            "description": "",
            "desired_status": null,
            "enable_display": false,
            "guest_accelerator": [],
            "hostname": "",
            "id": "projects/liti-case-analytics-engineer/zones/us-west1-b/instances/airbyte-instance",
            "instance_id": "8796624042172594404",
            "label_fingerprint": "W2T8LdpDYjo=",
            "labels": {
              "managed-by": "terraform",
              "name": "airbyte_instance"
            },
            "machine_type": "e2-standard-2",
            "metadata": {},
            "metadata_fingerprint": "LdEdv-bKOqk=",
            "metadata_startup_script": "#!/bin/bash\nsudo apt-get update\nsudo apt-get install -y curl git python3-pip docker.io docker-compose nginx\nsudo systemctl start docker\nsudo systemctl enable docker\nsudo curl -LsfS https://get.airbyte.com | bash -\n\n# Configurar o Nginx como proxy reverso\n\n# Criar arquivo de configuração do Nginx para o Airflow\nsudo tee /etc/nginx/sites-available/airflow \u003c\u003cEOF\nserver {\n    listen 80;\n    server_name _;\n\n    location / {\n        proxy_pass http://localhost:8000;\n        proxy_set_header Host \\$host;\n        proxy_set_header X-Real-IP \\$remote_addr;\n        proxy_set_header X-Forwarded-For \\$proxy_add_x_forwarded_for;\n        proxy_set_header X-Forwarded-Proto \\$scheme;\n        proxy_redirect off;\n    }\n}\nEOF\n\n# Remover o link simbólico padrão do Nginx\nsudo rm /etc/nginx/sites-enabled/default\n\n# Ativar a nova configuração do Airflow\nsudo ln -s /etc/nginx/sites-available/airflow /etc/nginx/sites-enabled/\n\n# Testar a configuração do Nginx\nsudo nginx -t\n\n# Reiniciar o Nginx para aplicar as alterações\nsudo systemctl restart nginx\n\nsleep 10\n\nsudo abctl local install --low-resource-mode --no-browser --insecure-cookies\n\ngcloud pubsub topics publish vm-status-topic --message=\"VM $(hostname) pronta para uso às $(date)\"\n",
            "min_cpu_platform": "",
            "name": "airbyte-instance",
            "network_interface": [
              {
                "access_config": [
                  {
                    "nat_ip": "35.197.20.45",
                    "network_tier": "PREMIUM",
                    "public_ptr_domain_name": ""
                  }
                ],
                "alias_ip_range": [],
                "internal_ipv6_prefix_length": 0,
                "ipv6_access_config": [],
                "ipv6_access_type": "",
                "ipv6_address": "",
                "name": "nic0",
                "network": "https://www.googleapis.com/compute/v1/projects/liti-case-analytics-engineer/global/networks/data-platform-network",
                "network_ip": "10.0.0.21",
                "nic_type": "",
                "queue_count": 0,
                "stack_type": "IPV4_ONLY",
                "subnetwork": "https://www.googleapis.com/compute/v1/projects/liti-case-analytics-engineer/regions/us-west1/subnetworks/data-platform-subnet",
                "subnetwork_project": "liti-case-analytics-engineer"
              }
            ],
            "network_performance_config": [],
            "params": [],
            "project": "liti-case-analytics-engineer",
            "reservation_affinity": [],
            "resource_policies": [],
            "scheduling": [
              {
                "automatic_restart": true,
                "instance_termination_action": "",
                "local_ssd_recovery_timeout": [],
                "min_node_cpus": 0,
                "node_affinities": [],
                "on_host_maintenance": "MIGRATE",
                "preemptible": false,
                "provisioning_model": "STANDARD"
              }
            ],
            "scratch_disk": [],
            "self_link": "https://www.googleapis.com/compute/v1/projects/liti-case-analytics-engineer/zones/us-west1-b/instances/airbyte-instance",
            "service_account": [
              {
                "email": "airbyte-sa@liti-case-analytics-engineer.iam.gserviceaccount.com",
                "scopes": [
                  "https://www.googleapis.com/auth/cloud-platform"
                ]
              }
            ],
            "shielded_instance_config": [
              {
                "enable_integrity_monitoring": true,
                "enable_secure_boot": false,
                "enable_vtpm": true
              }
            ],
            "tags": [
              "airbyte",
              "terraform"
            ],
            "tags_fingerprint": "6Sx1jYljmVk=",
            "timeouts": null,
            "zone": "us-west1-b"
          },
          "sensitive_attributes": [
            [
              {
                "type": "get_attr",
                "value": "boot_disk"
              },
              {
                "type": "index",
                "value": {
                  "value": 0,
                  "type": "number"
                }
              },
              {
                "type": "get_attr",
                "value": "disk_encryption_key_raw"
              }
            ]
          ],
          "private": "eyJlMmJmYjczMC1lY2FhLTExZTYtOGY4OC0zNDM2M2JjN2M0YzAiOnsiY3JlYXRlIjoxMjAwMDAwMDAwMDAwLCJkZWxldGUiOjEyMDAwMDAwMDAwMDAsInVwZGF0ZSI6MTIwMDAwMDAwMDAwMH0sInNjaGVtYV92ZXJzaW9uIjoiNiJ9",
          "dependencies": [
            "google_compute_address.airflow_ip",
            "google_compute_network.vpc_network",
            "google_compute_subnetwork.subnet",
            "google_service_account.airbyte_sa"
          ]
        }
      ]
    },
    {
      "mode": "managed",
      "type": "google_compute_instance",
      "name": "airflow_instance",
      "provider": "provider[\"registry.terraform.io/hashicorp/google\"]",
      "instances": [
        {
          "schema_version": 6,
          "attributes": {
            "advanced_machine_features": [],
            "allow_stopping_for_update": null,
            "attached_disk": [],
            "boot_disk": [
              {
                "auto_delete": true,
                "device_name": "persistent-disk-0",
                "disk_encryption_key_raw": "",
                "disk_encryption_key_sha256": "",
                "initialize_params": [
                  {
                    "image": "https://www.googleapis.com/compute/v1/projects/debian-cloud/global/images/debian-11-bullseye-v20240910",
                    "labels": {},
                    "resource_manager_tags": {},
                    "size": 10,
                    "type": "pd-standard"
                  }
                ],
                "kms_key_self_link": "",
                "mode": "READ_WRITE",
                "source": "https://www.googleapis.com/compute/v1/projects/liti-case-analytics-engineer/zones/us-west1-b/disks/airflow-instance"
              }
            ],
            "can_ip_forward": false,
            "confidential_instance_config": [],
            "cpu_platform": "Intel Broadwell",
            "current_status": "RUNNING",
            "deletion_protection": false,
            "description": "",
            "desired_status": null,
            "enable_display": false,
            "guest_accelerator": [],
            "hostname": "",
            "id": "projects/liti-case-analytics-engineer/zones/us-west1-b/instances/airflow-instance",
            "instance_id": "2284248685541570786",
            "label_fingerprint": "TxTI3i8hj6I=",
            "labels": {
              "managed-by": "terraform",
              "name": "airflow_instance"
            },
            "machine_type": "e2-standard-2",
            "metadata": {},
            "metadata_fingerprint": "UZIXa0Zvvt4=",
            "metadata_startup_script": "#!/bin/bash\n\n# Atualizar pacotes e instalar dependências\nsudo apt-get update\n\n# Instalar pacotes necessários\nsudo apt-get install -y curl git python3-pip docker.io docker-compose nginx\n\n# Iniciar e habilitar o Docker\nsudo systemctl start docker\nsudo systemctl enable docker\n\n# Adicionar o usuário atual ao grupo docker\nsudo usermod -aG docker $USER\n# Aplicar a nova associação ao grupo docker\nnewgrp docker\n\n# Instalar o astro CLI\ncurl -sSL https://install.astronomer.io | sudo bash\n\n# Verificar se o astro CLI foi instalado corretamente\nastro version\n\n# Criar o diretório do projeto Airflow\nmkdir -p /home/${USER}/airflow-project\ncd /home/${USER}/airflow-project\n\n# Inicializar um projeto Airflow usando o astro CLI\nastro dev init\n\n# Instalar o Cosmos e dependências do dbt\necho \"astronomer-cosmos==1.6.0\" \u003e\u003e requirements.txt\necho \"dbt-core==1.8.7\" \u003e\u003e requirements.txt\necho \"dbt-bigquery==1.8.2\" \u003e\u003e requirements.txt\n\n# Criar o arquivo docker-compose.override.yaml para configurar o Airflow\ncat \u003c\u003cEOL \u003e docker-compose.override.yaml\nversion: '3'\nservices:\n  webserver:\n    environment:\n      - AIRFLOW__WEBSERVER__ENABLE_PROXY_FIX=True\n      - AIRFLOW__WEBSERVER__WEB_SERVER_HOST=0.0.0.0\nEOL\n\n# Configurar o Nginx como proxy reverso\n\n# Criar arquivo de configuração do Nginx para o Airflow\nsudo tee /etc/nginx/sites-available/airflow \u003c\u003cEOF\nserver {\n    listen 80;\n    server_name _;\n\n    location / {\n        proxy_pass http://localhost:8080;\n        proxy_set_header Host \\$host;\n        proxy_set_header X-Real-IP \\$remote_addr;\n        proxy_set_header X-Forwarded-For \\$proxy_add_x_forwarded_for;\n        proxy_set_header X-Forwarded-Proto \\$scheme;\n        proxy_redirect off;\n    }\n}\nEOF\n\n# Remover o link simbólico padrão do Nginx\nsudo rm /etc/nginx/sites-enabled/default\n\n# Ativar a nova configuração do Airflow\nsudo ln -s /etc/nginx/sites-available/airflow /etc/nginx/sites-enabled/\n\n# Testar a configuração do Nginx\nsudo nginx -t\n\n# Reiniciar o Nginx para aplicar as alterações\nsudo systemctl restart nginx\n\n# Ajustar as permissões do firewall para permitir tráfego na porta 80\n# (Opcional: Se o UFW estiver instalado e ativo)\n# sudo ufw allow 'Nginx Full'\n\nsleep 10\n\n# Iniciar o Airflow\nsudo astro dev start\n\ngcloud pubsub topics publish vm-status-topic --message=\"VM $(hostname) pronta para uso às $(date)\"\n\n# Fim do script\n",
            "min_cpu_platform": "",
            "name": "airflow-instance",
            "network_interface": [
              {
                "access_config": [
                  {
                    "nat_ip": "35.230.48.12",
                    "network_tier": "PREMIUM",
                    "public_ptr_domain_name": ""
                  }
                ],
                "alias_ip_range": [],
                "internal_ipv6_prefix_length": 0,
                "ipv6_access_config": [],
                "ipv6_access_type": "",
                "ipv6_address": "",
                "name": "nic0",
                "network": "https://www.googleapis.com/compute/v1/projects/liti-case-analytics-engineer/global/networks/data-platform-network",
                "network_ip": "10.0.0.22",
                "nic_type": "",
                "queue_count": 0,
                "stack_type": "IPV4_ONLY",
                "subnetwork": "https://www.googleapis.com/compute/v1/projects/liti-case-analytics-engineer/regions/us-west1/subnetworks/data-platform-subnet",
                "subnetwork_project": "liti-case-analytics-engineer"
              }
            ],
            "network_performance_config": [],
            "params": [],
            "project": "liti-case-analytics-engineer",
            "reservation_affinity": [],
            "resource_policies": [],
            "scheduling": [
              {
                "automatic_restart": true,
                "instance_termination_action": "",
                "local_ssd_recovery_timeout": [],
                "min_node_cpus": 0,
                "node_affinities": [],
                "on_host_maintenance": "MIGRATE",
                "preemptible": false,
                "provisioning_model": "STANDARD"
              }
            ],
            "scratch_disk": [],
            "self_link": "https://www.googleapis.com/compute/v1/projects/liti-case-analytics-engineer/zones/us-west1-b/instances/airflow-instance",
            "service_account": [
              {
                "email": "airflow-sa@liti-case-analytics-engineer.iam.gserviceaccount.com",
                "scopes": [
                  "https://www.googleapis.com/auth/cloud-platform"
                ]
              }
            ],
            "shielded_instance_config": [
              {
                "enable_integrity_monitoring": true,
                "enable_secure_boot": false,
                "enable_vtpm": true
              }
            ],
            "tags": [
              "airflow",
              "terraform"
            ],
            "tags_fingerprint": "63S77ztta2o=",
            "timeouts": null,
            "zone": "us-west1-b"
          },
          "sensitive_attributes": [
            [
              {
                "type": "get_attr",
                "value": "boot_disk"
              },
              {
                "type": "index",
                "value": {
                  "value": 0,
                  "type": "number"
                }
              },
              {
                "type": "get_attr",
                "value": "disk_encryption_key_raw"
              }
            ]
          ],
          "private": "eyJlMmJmYjczMC1lY2FhLTExZTYtOGY4OC0zNDM2M2JjN2M0YzAiOnsiY3JlYXRlIjoxMjAwMDAwMDAwMDAwLCJkZWxldGUiOjEyMDAwMDAwMDAwMDAsInVwZGF0ZSI6MTIwMDAwMDAwMDAwMH0sInNjaGVtYV92ZXJzaW9uIjoiNiJ9",
          "dependencies": [
            "google_compute_address.airbyte_ip",
            "google_compute_network.vpc_network",
            "google_compute_subnetwork.subnet",
            "google_service_account.airflow_sa"
          ]
        }
      ]
    },
    {
      "mode": "managed",
      "type": "google_compute_instance",
      "name": "metabase_instance",
      "provider": "provider[\"registry.terraform.io/hashicorp/google\"]",
      "instances": [
        {
          "schema_version": 6,
          "attributes": {
            "advanced_machine_features": [],
            "allow_stopping_for_update": null,
            "attached_disk": [],
            "boot_disk": [
              {
                "auto_delete": true,
                "device_name": "persistent-disk-0",
                "disk_encryption_key_raw": "",
                "disk_encryption_key_sha256": "",
                "initialize_params": [
                  {
                    "image": "https://www.googleapis.com/compute/v1/projects/debian-cloud/global/images/debian-11-bullseye-v20240910",
                    "labels": {},
                    "resource_manager_tags": {},
                    "size": 20,
                    "type": "pd-standard"
                  }
                ],
                "kms_key_self_link": "",
                "mode": "READ_WRITE",
                "source": "https://www.googleapis.com/compute/v1/projects/liti-case-analytics-engineer/zones/us-west1-b/disks/metabase-instance"
              }
            ],
            "can_ip_forward": false,
            "confidential_instance_config": [],
            "cpu_platform": "Intel Broadwell",
            "current_status": "RUNNING",
            "deletion_protection": false,
            "description": "",
            "desired_status": null,
            "enable_display": false,
            "guest_accelerator": [],
            "hostname": "",
            "id": "projects/liti-case-analytics-engineer/zones/us-west1-b/instances/metabase-instance",
            "instance_id": "8743924810630161875",
            "label_fingerprint": "vN4_7jC4CRQ=",
            "labels": {
              "managed-by": "terraform",
              "name": "metabase_instance"
            },
            "machine_type": "e2-standard-2",
            "metadata": {},
            "metadata_fingerprint": "p-y60Q9Icvs=",
            "metadata_startup_script": "#!/bin/bash\n\n# Atualizar pacotes e instalar dependências\nsudo apt-get update\nsudo apt-get install -y curl git python3-pip docker.io docker-compose nginx postgresql\n\n# Configurar PostgreSQL\nsudo -u postgres psql -c \"CREATE DATABASE metabase_db;\"\nsudo -u postgres psql -c \"CREATE USER metabase_user WITH ENCRYPTED PASSWORD 'senha_segura';\"\nsudo -u postgres psql -c \"GRANT ALL PRIVILEGES ON DATABASE metabase_db TO metabase_user;\"\n\n# Configurar Metabase para usar o PostgreSQL local\nexport MB_DB_TYPE=postgres\nexport MB_DB_DBNAME=metabase_db\nexport MB_DB_PORT=5432\nexport MB_DB_USER=metabase_user\nexport MB_DB_PASS=senha_segura\nexport MB_DB_HOST=localhost\n\n# Iniciar o Docker e o Metabase\nsudo systemctl start docker\nsudo systemctl enable docker\n\n# Configurar o Nginx como proxy reverso\n\n# Criar arquivo de configuração do Nginx para o Metabase e Briefer\nsudo tee /etc/nginx/sites-available/analytics \u003c\u003cEOF\nserver {\n    listen 80;\n    server_name _;\n\n    # Proxy para o Metabase (porta 3000)\n    location /metabase/ {\n        proxy_pass http://localhost:3000/;\n        proxy_set_header Host \\$host;\n        proxy_set_header X-Real-IP \\$remote_addr;\n        proxy_set_header X-Forwarded-For \\$proxy_add_x_forwarded_for;\n        proxy_set_header X-Forwarded-Proto \\$scheme;\n        proxy_redirect off;\n    }\n\n    # Proxy para o Briefer (porta 3001)\n    location /briefer/ {\n        proxy_pass http://localhost:3001/;\n        proxy_set_header Host \\$host;\n        proxy_set_header X-Real-IP \\$remote_addr;\n        proxy_set_header X-Forwarded-For \\$proxy_add_x_forwarded_for;\n        proxy_set_header X-Forwarded-Proto \\$scheme;\n        proxy_redirect off;\n    }\n}\nEOF\n\n# Remover o link simbólico padrão do Nginx\nsudo rm /etc/nginx/sites-enabled/default\n\n# Ativar a nova configuração do Nginx\nsudo ln -s /etc/nginx/sites-available/analytics /etc/nginx/sites-enabled/\n\n# Testar a configuração do Nginx\nsudo nginx -t\n\n# Reiniciar o Nginx para aplicar as alterações\nsudo systemctl restart nginx\n\n# Adicionar hostnames amigáveis ao arquivo /etc/hosts localmente\nsudo tee -a /etc/hosts \u003c\u003cEOF\n127.0.0.1 metabase.liti\n127.0.0.1 briefer.liti\nEOF\n\n# Esperar um tempo para garantir que os serviços sejam iniciados corretamente\nsleep 10\n\n# Iniciar Metabase\nsudo docker run --restart unless-stopped -d \\\n  -p 3000:3000 \\\n  -e MB_DB_TYPE \\\n  -e MB_DB_DBNAME \\\n  -e MB_DB_PORT \\\n  -e MB_DB_USER \\\n  -e MB_DB_PASS \\\n  -e MB_DB_HOST \\\n  metabase/metabase\n\n# Iniciar Briefer\nsudo docker run --restart unless-stopped -d \\\n  -p 3001:3000 \\\n  --env ALLOW_HTTP=\"true\" \\\n  -v briefer_psql_data:/var/lib/postgresql/data \\\n  -v briefer_jupyter_data:/home/jupyteruser \\\n  -v briefer_briefer_data:/home/briefer \\\n  briefercloud/briefer\n\n\n# Enviar notificação via Google Cloud Pub/Sub sobre o status da VM\ngcloud pubsub topics publish vm-status-topic --message=\"VM $(hostname) pronta para uso às $(date)\"\n",
            "min_cpu_platform": "",
            "name": "metabase-instance",
            "network_interface": [
              {
                "access_config": [
                  {
                    "nat_ip": "35.230.80.123",
                    "network_tier": "PREMIUM",
                    "public_ptr_domain_name": ""
                  }
                ],
                "alias_ip_range": [],
                "internal_ipv6_prefix_length": 0,
                "ipv6_access_config": [],
                "ipv6_access_type": "",
                "ipv6_address": "",
                "name": "nic0",
                "network": "https://www.googleapis.com/compute/v1/projects/liti-case-analytics-engineer/global/networks/data-platform-network",
                "network_ip": "10.0.0.28",
                "nic_type": "",
                "queue_count": 0,
                "stack_type": "IPV4_ONLY",
                "subnetwork": "https://www.googleapis.com/compute/v1/projects/liti-case-analytics-engineer/regions/us-west1/subnetworks/data-platform-subnet",
                "subnetwork_project": "liti-case-analytics-engineer"
              }
            ],
            "network_performance_config": [],
            "params": [],
            "project": "liti-case-analytics-engineer",
            "reservation_affinity": [],
            "resource_policies": [],
            "scheduling": [
              {
                "automatic_restart": true,
                "instance_termination_action": "",
                "local_ssd_recovery_timeout": [],
                "min_node_cpus": 0,
                "node_affinities": [],
                "on_host_maintenance": "MIGRATE",
                "preemptible": false,
                "provisioning_model": "STANDARD"
              }
            ],
            "scratch_disk": [],
            "self_link": "https://www.googleapis.com/compute/v1/projects/liti-case-analytics-engineer/zones/us-west1-b/instances/metabase-instance",
            "service_account": [
              {
                "email": "metabase-sa@liti-case-analytics-engineer.iam.gserviceaccount.com",
                "scopes": [
                  "https://www.googleapis.com/auth/cloud-platform"
                ]
              }
            ],
            "shielded_instance_config": [
              {
                "enable_integrity_monitoring": true,
                "enable_secure_boot": false,
                "enable_vtpm": true
              }
            ],
            "tags": [],
            "tags_fingerprint": "42WmSpB8rSM=",
            "timeouts": null,
            "zone": "us-west1-b"
          },
          "sensitive_attributes": [
            [
              {
                "type": "get_attr",
                "value": "boot_disk"
              },
              {
                "type": "index",
                "value": {
                  "value": 0,
                  "type": "number"
                }
              },
              {
                "type": "get_attr",
                "value": "disk_encryption_key_raw"
              }
            ]
          ],
          "private": "eyJlMmJmYjczMC1lY2FhLTExZTYtOGY4OC0zNDM2M2JjN2M0YzAiOnsiY3JlYXRlIjoxMjAwMDAwMDAwMDAwLCJkZWxldGUiOjEyMDAwMDAwMDAwMDAsInVwZGF0ZSI6MTIwMDAwMDAwMDAwMH0sInNjaGVtYV92ZXJzaW9uIjoiNiJ9",
          "dependencies": [
            "google_compute_address.metabase_ip",
            "google_compute_network.vpc_network",
            "google_compute_subnetwork.subnet",
            "google_service_account.metabase_sa"
          ]
        }
      ]
    },
    {
      "mode": "managed",
      "type": "google_compute_instance",
      "name": "mongodb_instance",
      "provider": "provider[\"registry.terraform.io/hashicorp/google\"]",
      "instances": [
        {
          "schema_version": 6,
          "attributes": {
            "advanced_machine_features": [],
            "allow_stopping_for_update": null,
            "attached_disk": [],
            "boot_disk": [
              {
                "auto_delete": true,
                "device_name": "persistent-disk-0",
                "disk_encryption_key_raw": "",
                "disk_encryption_key_sha256": "",
                "initialize_params": [
                  {
                    "image": "https://www.googleapis.com/compute/v1/projects/debian-cloud/global/images/debian-11-bullseye-v20240910",
                    "labels": {},
                    "resource_manager_tags": null,
                    "size": 10,
                    "type": "pd-standard"
                  }
                ],
                "kms_key_self_link": "",
                "mode": "READ_WRITE",
                "source": "https://www.googleapis.com/compute/v1/projects/liti-case-analytics-engineer/zones/us-west1-b/disks/mongodb-instance"
              }
            ],
            "can_ip_forward": false,
            "confidential_instance_config": [],
            "cpu_platform": "Intel Broadwell",
            "current_status": "RUNNING",
            "deletion_protection": false,
            "description": "",
            "desired_status": null,
            "enable_display": false,
            "guest_accelerator": [],
            "hostname": "",
            "id": "projects/liti-case-analytics-engineer/zones/us-west1-b/instances/mongodb-instance",
            "instance_id": "6404772311401315767",
            "label_fingerprint": "wJ2X9pscy9I=",
            "labels": {
              "managed-by": "terraform",
              "name": "mongodb_instance"
            },
            "machine_type": "e2-micro",
            "metadata": null,
            "metadata_fingerprint": "iO9vCIv_2h4=",
            "metadata_startup_script": "#!/bin/bash\n# Atualizar pacotes\nsudo apt-get update\n\n# Instalar o MongoDB\nsudo apt-get install -y wget gnupg\n\n# Importar a chave pública do MongoDB\nwget -qO - https://www.mongodb.org/static/pgp/server-6.0.asc | sudo apt-key add -\n\n# Criar arquivo de lista para o MongoDB\necho \"deb [ arch=amd64,arm64 ] https://repo.mongodb.org/apt/debian bullseye/mongodb-org/6.0 main\" | sudo tee /etc/apt/sources.list.d/mongodb-org-6.0.list\n\n# Atualizar novamente\nsudo apt-get update\n\n# Instalar o MongoDB\nsudo apt-get install -y mongodb-org\n\n# Substituir o conteúdo do arquivo /etc/mongod.conf\nsudo bash -c 'cat \u003e /etc/mongod.conf \u003c\u003cEOF\n#mongod.conf\n\n# for documentation of all options, see:\n#   http://docs.mongodb.org/manual/reference/configuration-options/\n\n# Where and how to store data.\nstorage:\n  dbPath: /var/lib/mongodb\n#  engine:\n#  wiredTiger:\n\n# where to write logging data.\nsystemLog:\n  destination: file\n  logAppend: true\n  path: /var/log/mongodb/mongod.log\n\n# network interfaces\nnet:\n  port: 27017\n  bindIp: 0.0.0.0\n\n# how the process runs\nprocessManagement:\n  timeZoneInfo: /usr/share/zoneinfo\n\n# security:\n#  authorization: enabled\n\n#operationProfiling:\n\nreplication:\n  replSetName: \"rs0\"\n\n#sharding:\n\n## Enterprise-Only Options:\n\n#auditLog:\n\n#snmp:\nEOF'\n\n\n# Reiniciar o MongoDB para aplicar as configurações\nsudo systemctl restart mongod\n\n# Criar o script temporário para inicializar o Replica Set\ncat \u003c\u003cEOF \u003e /tmp/init_replica_set.js\nrs.initiate()\nEOF\n\n# Executar o script no MongoDB para iniciar o Replica Set\nmongosh \u003c /tmp/init_replica_set.js\n\n# Remover o arquivo temporário\nrm /tmp/init_replica_set.js\n\n# Criar diretório temporário\nmkdir -p /tmp/data\n\n# Baixar o arquivo weighins.json (substitua pela URL correta ou copie o arquivo)\n# Se o arquivo estiver em um bucket do GCS, use gsutil para copiar\ngsutil cp gs://liti_case_analytics_engineer_filedump/files/weighins.json /tmp/data/weighins.json\n\n# Para este exemplo, assumiremos que o arquivo está disponível em uma URL pública\n#wget -O /tmp/data/weighins.json https://seu-endereco/weighins.json\n\n# Importar os dados para o MongoDB\nmongoimport --db liti_db --collection weighins --file /tmp/data/weighins.json --jsonArray\n\nmongosh --eval 'use admin; db.createUser({ user: \"airbyte_user\", pwd: \"airbyte123\", roles: [{ role: \"readWrite\", db: \"liti_db\" }] });'\n\ngcloud pubsub topics publish vm-status-topic --message=\"VM $(hostname) pronta para uso às $(date)\"\n",
            "min_cpu_platform": "",
            "name": "mongodb-instance",
            "network_interface": [
              {
                "access_config": [
                  {
                    "nat_ip": "34.83.94.111",
                    "network_tier": "PREMIUM",
                    "public_ptr_domain_name": ""
                  }
                ],
                "alias_ip_range": [],
                "internal_ipv6_prefix_length": 0,
                "ipv6_access_config": [],
                "ipv6_access_type": "",
                "ipv6_address": "",
                "name": "nic0",
                "network": "https://www.googleapis.com/compute/v1/projects/liti-case-analytics-engineer/global/networks/data-platform-network",
                "network_ip": "10.0.0.29",
                "nic_type": "",
                "queue_count": 0,
                "stack_type": "IPV4_ONLY",
                "subnetwork": "https://www.googleapis.com/compute/v1/projects/liti-case-analytics-engineer/regions/us-west1/subnetworks/data-platform-subnet",
                "subnetwork_project": "liti-case-analytics-engineer"
              }
            ],
            "network_performance_config": [],
            "params": [],
            "project": "liti-case-analytics-engineer",
            "reservation_affinity": [],
            "resource_policies": null,
            "scheduling": [
              {
                "automatic_restart": true,
                "instance_termination_action": "",
                "local_ssd_recovery_timeout": [],
                "min_node_cpus": 0,
                "node_affinities": [],
                "on_host_maintenance": "MIGRATE",
                "preemptible": false,
                "provisioning_model": "STANDARD"
              }
            ],
            "scratch_disk": [],
            "self_link": "https://www.googleapis.com/compute/v1/projects/liti-case-analytics-engineer/zones/us-west1-b/instances/mongodb-instance",
            "service_account": [
              {
                "email": "mongodb-sa@liti-case-analytics-engineer.iam.gserviceaccount.com",
                "scopes": [
                  "https://www.googleapis.com/auth/cloud-platform"
                ]
              }
            ],
            "shielded_instance_config": [
              {
                "enable_integrity_monitoring": true,
                "enable_secure_boot": false,
                "enable_vtpm": true
              }
            ],
            "tags": [
              "mongodb",
              "terraform"
            ],
            "tags_fingerprint": "sJJGiIl1TPs=",
            "timeouts": null,
            "zone": "us-west1-b"
          },
          "sensitive_attributes": [
            [
              {
                "type": "get_attr",
                "value": "boot_disk"
              },
              {
                "type": "index",
                "value": {
                  "value": 0,
                  "type": "number"
                }
              },
              {
                "type": "get_attr",
                "value": "disk_encryption_key_raw"
              }
            ]
          ],
          "private": "eyJlMmJmYjczMC1lY2FhLTExZTYtOGY4OC0zNDM2M2JjN2M0YzAiOnsiY3JlYXRlIjoxMjAwMDAwMDAwMDAwLCJkZWxldGUiOjEyMDAwMDAwMDAwMDAsInVwZGF0ZSI6MTIwMDAwMDAwMDAwMH0sInNjaGVtYV92ZXJzaW9uIjoiNiJ9",
          "dependencies": [
            "google_compute_address.mongodb_ip",
            "google_compute_network.vpc_network",
            "google_compute_subnetwork.subnet",
            "google_service_account.mongodb_sa"
          ]
        }
      ]
    },
    {
      "mode": "managed",
      "type": "google_compute_network",
      "name": "vpc_network",
      "provider": "provider[\"registry.terraform.io/hashicorp/google\"]",
      "instances": [
        {
          "schema_version": 0,
          "attributes": {
            "auto_create_subnetworks": false,
            "delete_default_routes_on_create": false,
            "description": "",
            "enable_ula_internal_ipv6": false,
            "gateway_ipv4": "",
            "id": "projects/liti-case-analytics-engineer/global/networks/data-platform-network",
            "internal_ipv6_range": "",
            "mtu": 0,
            "name": "data-platform-network",
            "network_firewall_policy_enforcement_order": "AFTER_CLASSIC_FIREWALL",
            "project": "liti-case-analytics-engineer",
            "routing_mode": "REGIONAL",
            "self_link": "https://www.googleapis.com/compute/v1/projects/liti-case-analytics-engineer/global/networks/data-platform-network",
            "timeouts": null
          },
          "sensitive_attributes": [],
          "private": "eyJlMmJmYjczMC1lY2FhLTExZTYtOGY4OC0zNDM2M2JjN2M0YzAiOnsiY3JlYXRlIjoxMjAwMDAwMDAwMDAwLCJkZWxldGUiOjEyMDAwMDAwMDAwMDAsInVwZGF0ZSI6MTIwMDAwMDAwMDAwMH19"
        }
      ]
    },
    {
      "mode": "managed",
      "type": "google_compute_subnetwork",
      "name": "subnet",
      "provider": "provider[\"registry.terraform.io/hashicorp/google\"]",
      "instances": [
        {
          "schema_version": 0,
          "attributes": {
            "creation_timestamp": "2024-09-25T18:06:09.621-07:00",
            "description": "",
            "external_ipv6_prefix": "",
            "fingerprint": null,
            "gateway_address": "10.0.0.1",
            "id": "projects/liti-case-analytics-engineer/regions/us-west1/subnetworks/data-platform-subnet",
            "internal_ipv6_prefix": "",
            "ip_cidr_range": "10.0.0.0/16",
            "ipv6_access_type": "",
            "ipv6_cidr_range": "",
            "log_config": [],
            "name": "data-platform-subnet",
            "network": "https://www.googleapis.com/compute/v1/projects/liti-case-analytics-engineer/global/networks/data-platform-network",
            "private_ip_google_access": false,
            "private_ipv6_google_access": "DISABLE_GOOGLE_ACCESS",
            "project": "liti-case-analytics-engineer",
            "purpose": "PRIVATE",
            "region": "us-west1",
            "role": "",
            "secondary_ip_range": [],
            "self_link": "https://www.googleapis.com/compute/v1/projects/liti-case-analytics-engineer/regions/us-west1/subnetworks/data-platform-subnet",
            "stack_type": "IPV4_ONLY",
            "timeouts": null
          },
          "sensitive_attributes": [],
          "private": "eyJlMmJmYjczMC1lY2FhLTExZTYtOGY4OC0zNDM2M2JjN2M0YzAiOnsiY3JlYXRlIjoxMjAwMDAwMDAwMDAwLCJkZWxldGUiOjEyMDAwMDAwMDAwMDAsInVwZGF0ZSI6MTIwMDAwMDAwMDAwMH19",
          "dependencies": [
            "google_compute_network.vpc_network"
          ]
        }
      ]
    },
    {
      "mode": "managed",
      "type": "google_project_iam_member",
      "name": "airbyte_permissions",
      "provider": "provider[\"registry.terraform.io/hashicorp/google\"]",
      "instances": [
        {
          "index_key": "roles/bigquery.dataEditor",
          "schema_version": 0,
          "attributes": {
            "condition": [],
            "etag": "BwYjM9F/G3s=",
            "id": "liti-case-analytics-engineer/roles/bigquery.dataEditor/serviceAccount:airbyte-sa@liti-case-analytics-engineer.iam.gserviceaccount.com",
            "member": "serviceAccount:airbyte-sa@liti-case-analytics-engineer.iam.gserviceaccount.com",
            "project": "liti-case-analytics-engineer",
            "role": "roles/bigquery.dataEditor"
          },
          "sensitive_attributes": [],
          "private": "bnVsbA==",
          "dependencies": [
            "google_service_account.airbyte_sa"
          ]
        },
        {
          "index_key": "roles/bigquery.jobUser",
          "schema_version": 0,
          "attributes": {
            "condition": [],
            "etag": "BwYjM9F/G3s=",
            "id": "liti-case-analytics-engineer/roles/bigquery.jobUser/serviceAccount:airbyte-sa@liti-case-analytics-engineer.iam.gserviceaccount.com",
            "member": "serviceAccount:airbyte-sa@liti-case-analytics-engineer.iam.gserviceaccount.com",
            "project": "liti-case-analytics-engineer",
            "role": "roles/bigquery.jobUser"
          },
          "sensitive_attributes": [],
          "private": "bnVsbA==",
          "dependencies": [
            "google_service_account.airbyte_sa"
          ]
        },
        {
          "index_key": "roles/storage.objectAdmin",
          "schema_version": 0,
          "attributes": {
            "condition": [],
            "etag": "BwYjM9F/G3s=",
            "id": "liti-case-analytics-engineer/roles/storage.objectAdmin/serviceAccount:airbyte-sa@liti-case-analytics-engineer.iam.gserviceaccount.com",
            "member": "serviceAccount:airbyte-sa@liti-case-analytics-engineer.iam.gserviceaccount.com",
            "project": "liti-case-analytics-engineer",
            "role": "roles/storage.objectAdmin"
          },
          "sensitive_attributes": [],
          "private": "bnVsbA==",
          "dependencies": [
            "google_service_account.airbyte_sa"
          ]
        }
      ]
    },
    {
      "mode": "managed",
      "type": "google_project_iam_member",
      "name": "airbyte_pubsub_publisher",
      "provider": "provider[\"registry.terraform.io/hashicorp/google\"]",
      "instances": [
        {
          "schema_version": 0,
          "attributes": {
            "condition": [],
            "etag": "BwYjM9F/G3s=",
            "id": "liti-case-analytics-engineer/roles/pubsub.publisher/serviceAccount:airbyte-sa@liti-case-analytics-engineer.iam.gserviceaccount.com",
            "member": "serviceAccount:airbyte-sa@liti-case-analytics-engineer.iam.gserviceaccount.com",
            "project": "liti-case-analytics-engineer",
            "role": "roles/pubsub.publisher"
          },
          "sensitive_attributes": [],
          "private": "bnVsbA==",
          "dependencies": [
            "google_service_account.airbyte_sa"
          ]
        }
      ]
    },
    {
      "mode": "managed",
      "type": "google_project_iam_member",
      "name": "airflow_pubsub_publisher",
      "provider": "provider[\"registry.terraform.io/hashicorp/google\"]",
      "instances": [
        {
          "schema_version": 0,
          "attributes": {
            "condition": [],
            "etag": "BwYjM9F/G3s=",
            "id": "liti-case-analytics-engineer/roles/pubsub.publisher/serviceAccount:airflow-sa@liti-case-analytics-engineer.iam.gserviceaccount.com",
            "member": "serviceAccount:airflow-sa@liti-case-analytics-engineer.iam.gserviceaccount.com",
            "project": "liti-case-analytics-engineer",
            "role": "roles/pubsub.publisher"
          },
          "sensitive_attributes": [],
          "private": "bnVsbA==",
          "dependencies": [
            "google_service_account.airflow_sa"
          ]
        }
      ]
    },
    {
      "mode": "managed",
      "type": "google_project_iam_member",
      "name": "cloud_function_pubsub",
      "provider": "provider[\"registry.terraform.io/hashicorp/google\"]",
      "instances": [
        {
          "schema_version": 0,
          "attributes": {
            "condition": [],
            "etag": "BwYjM9F/G3s=",
            "id": "liti-case-analytics-engineer/roles/pubsub.subscriber/serviceAccount:cloudfunction-sa@liti-case-analytics-engineer.iam.gserviceaccount.com",
            "member": "serviceAccount:cloudfunction-sa@liti-case-analytics-engineer.iam.gserviceaccount.com",
            "project": "liti-case-analytics-engineer",
            "role": "roles/pubsub.subscriber"
          },
          "sensitive_attributes": [],
          "private": "bnVsbA==",
          "dependencies": [
            "google_service_account.cloud_function_sa"
          ]
        }
      ]
    },
    {
      "mode": "managed",
      "type": "google_project_iam_member",
      "name": "cloud_function_secret_access",
      "provider": "provider[\"registry.terraform.io/hashicorp/google\"]",
      "instances": [
        {
          "schema_version": 0,
          "attributes": {
            "condition": [],
            "etag": "BwYjM9F/G3s=",
            "id": "liti-case-analytics-engineer/roles/secretmanager.secretAccessor/serviceAccount:cloudfunction-sa@liti-case-analytics-engineer.iam.gserviceaccount.com",
            "member": "serviceAccount:cloudfunction-sa@liti-case-analytics-engineer.iam.gserviceaccount.com",
            "project": "liti-case-analytics-engineer",
            "role": "roles/secretmanager.secretAccessor"
          },
          "sensitive_attributes": [],
          "private": "bnVsbA==",
          "dependencies": [
            "google_service_account.cloud_function_sa"
          ]
        }
      ]
    },
    {
      "mode": "managed",
      "type": "google_project_iam_member",
      "name": "cloud_function_storage",
      "provider": "provider[\"registry.terraform.io/hashicorp/google\"]",
      "instances": [
        {
          "schema_version": 0,
          "attributes": {
            "condition": [],
            "etag": "BwYjM9F/G3s=",
            "id": "liti-case-analytics-engineer/roles/storage.objectViewer/serviceAccount:cloudfunction-sa@liti-case-analytics-engineer.iam.gserviceaccount.com",
            "member": "serviceAccount:cloudfunction-sa@liti-case-analytics-engineer.iam.gserviceaccount.com",
            "project": "liti-case-analytics-engineer",
            "role": "roles/storage.objectViewer"
          },
          "sensitive_attributes": [],
          "private": "bnVsbA==",
          "dependencies": [
            "google_service_account.cloud_function_sa"
          ]
        }
      ]
    },
    {
      "mode": "managed",
      "type": "google_project_iam_member",
      "name": "metabase_pubsub_publisher",
      "provider": "provider[\"registry.terraform.io/hashicorp/google\"]",
      "instances": [
        {
          "schema_version": 0,
          "attributes": {
            "condition": [],
            "etag": "BwYjM9F/G3s=",
            "id": "liti-case-analytics-engineer/roles/pubsub.publisher/serviceAccount:metabase-sa@liti-case-analytics-engineer.iam.gserviceaccount.com",
            "member": "serviceAccount:metabase-sa@liti-case-analytics-engineer.iam.gserviceaccount.com",
            "project": "liti-case-analytics-engineer",
            "role": "roles/pubsub.publisher"
          },
          "sensitive_attributes": [],
          "private": "bnVsbA==",
          "dependencies": [
            "google_service_account.metabase_sa"
          ]
        }
      ]
    },
    {
      "mode": "managed",
      "type": "google_project_iam_member",
      "name": "mongodb_pubsub_publisher",
      "provider": "provider[\"registry.terraform.io/hashicorp/google\"]",
      "instances": [
        {
          "schema_version": 0,
          "attributes": {
            "condition": [],
            "etag": "BwYjM9F/G3s=",
            "id": "liti-case-analytics-engineer/roles/pubsub.publisher/serviceAccount:mongodb-sa@liti-case-analytics-engineer.iam.gserviceaccount.com",
            "member": "serviceAccount:mongodb-sa@liti-case-analytics-engineer.iam.gserviceaccount.com",
            "project": "liti-case-analytics-engineer",
            "role": "roles/pubsub.publisher"
          },
          "sensitive_attributes": [],
          "private": "bnVsbA==",
          "dependencies": [
            "google_service_account.mongodb_sa"
          ]
        }
      ]
    },
    {
      "mode": "managed",
      "type": "google_project_service",
      "name": "artifactregistry",
      "provider": "provider[\"registry.terraform.io/hashicorp/google\"]",
      "instances": [
        {
          "schema_version": 0,
          "attributes": {
            "disable_dependent_services": null,
            "disable_on_destroy": true,
            "id": "liti-case-analytics-engineer/artifactregistry.googleapis.com",
            "project": "liti-case-analytics-engineer",
            "service": "artifactregistry.googleapis.com",
            "timeouts": null
          },
          "sensitive_attributes": [],
          "private": "eyJlMmJmYjczMC1lY2FhLTExZTYtOGY4OC0zNDM2M2JjN2M0YzAiOnsiY3JlYXRlIjoxMjAwMDAwMDAwMDAwLCJkZWxldGUiOjEyMDAwMDAwMDAwMDAsInJlYWQiOjYwMDAwMDAwMDAwMCwidXBkYXRlIjoxMjAwMDAwMDAwMDAwfX0="
        }
      ]
    },
    {
      "mode": "managed",
      "type": "google_project_service",
      "name": "cloudbuild",
      "provider": "provider[\"registry.terraform.io/hashicorp/google\"]",
      "instances": [
        {
          "schema_version": 0,
          "attributes": {
            "disable_dependent_services": null,
            "disable_on_destroy": true,
            "id": "liti-case-analytics-engineer/cloudbuild.googleapis.com",
            "project": "liti-case-analytics-engineer",
            "service": "cloudbuild.googleapis.com",
            "timeouts": null
          },
          "sensitive_attributes": [],
          "private": "eyJlMmJmYjczMC1lY2FhLTExZTYtOGY4OC0zNDM2M2JjN2M0YzAiOnsiY3JlYXRlIjoxMjAwMDAwMDAwMDAwLCJkZWxldGUiOjEyMDAwMDAwMDAwMDAsInJlYWQiOjYwMDAwMDAwMDAwMCwidXBkYXRlIjoxMjAwMDAwMDAwMDAwfX0="
        }
      ]
    },
    {
      "mode": "managed",
      "type": "google_project_service",
      "name": "cloudfunctions",
      "provider": "provider[\"registry.terraform.io/hashicorp/google\"]",
      "instances": [
        {
          "schema_version": 0,
          "attributes": {
            "disable_dependent_services": null,
            "disable_on_destroy": true,
            "id": "liti-case-analytics-engineer/cloudfunctions.googleapis.com",
            "project": "liti-case-analytics-engineer",
            "service": "cloudfunctions.googleapis.com",
            "timeouts": null
          },
          "sensitive_attributes": [],
          "private": "eyJlMmJmYjczMC1lY2FhLTExZTYtOGY4OC0zNDM2M2JjN2M0YzAiOnsiY3JlYXRlIjoxMjAwMDAwMDAwMDAwLCJkZWxldGUiOjEyMDAwMDAwMDAwMDAsInJlYWQiOjYwMDAwMDAwMDAwMCwidXBkYXRlIjoxMjAwMDAwMDAwMDAwfX0="
        }
      ]
    },
    {
      "mode": "managed",
      "type": "google_project_service",
      "name": "pubsub",
      "provider": "provider[\"registry.terraform.io/hashicorp/google\"]",
      "instances": [
        {
          "schema_version": 0,
          "attributes": {
            "disable_dependent_services": null,
            "disable_on_destroy": true,
            "id": "liti-case-analytics-engineer/pubsub.googleapis.com",
            "project": "liti-case-analytics-engineer",
            "service": "pubsub.googleapis.com",
            "timeouts": null
          },
          "sensitive_attributes": [],
          "private": "eyJlMmJmYjczMC1lY2FhLTExZTYtOGY4OC0zNDM2M2JjN2M0YzAiOnsiY3JlYXRlIjoxMjAwMDAwMDAwMDAwLCJkZWxldGUiOjEyMDAwMDAwMDAwMDAsInJlYWQiOjYwMDAwMDAwMDAwMCwidXBkYXRlIjoxMjAwMDAwMDAwMDAwfX0="
        }
      ]
    },
    {
      "mode": "managed",
      "type": "google_project_service",
      "name": "secretmanager",
      "provider": "provider[\"registry.terraform.io/hashicorp/google\"]",
      "instances": [
        {
          "schema_version": 0,
          "attributes": {
            "disable_dependent_services": null,
            "disable_on_destroy": true,
            "id": "liti-case-analytics-engineer/secretmanager.googleapis.com",
            "project": "liti-case-analytics-engineer",
            "service": "secretmanager.googleapis.com",
            "timeouts": null
          },
          "sensitive_attributes": [],
          "private": "eyJlMmJmYjczMC1lY2FhLTExZTYtOGY4OC0zNDM2M2JjN2M0YzAiOnsiY3JlYXRlIjoxMjAwMDAwMDAwMDAwLCJkZWxldGUiOjEyMDAwMDAwMDAwMDAsInJlYWQiOjYwMDAwMDAwMDAwMCwidXBkYXRlIjoxMjAwMDAwMDAwMDAwfX0="
        }
      ]
    },
    {
      "mode": "managed",
      "type": "google_pubsub_subscription",
      "name": "vm_status_subscription",
      "provider": "provider[\"registry.terraform.io/hashicorp/google\"]",
      "instances": [
        {
          "schema_version": 0,
          "attributes": {
            "ack_deadline_seconds": 10,
            "bigquery_config": [],
            "cloud_storage_config": [],
            "dead_letter_policy": [],
            "enable_exactly_once_delivery": false,
            "enable_message_ordering": false,
            "expiration_policy": [
              {
                "ttl": "2678400s"
              }
            ],
            "filter": "",
            "id": "projects/liti-case-analytics-engineer/subscriptions/vm-status-subscription",
            "labels": {},
            "message_retention_duration": "604800s",
            "name": "vm-status-subscription",
            "project": "liti-case-analytics-engineer",
            "push_config": [],
            "retain_acked_messages": false,
            "retry_policy": [],
            "timeouts": null,
            "topic": "projects/liti-case-analytics-engineer/topics/vm-status-topic"
          },
          "sensitive_attributes": [],
          "private": "eyJlMmJmYjczMC1lY2FhLTExZTYtOGY4OC0zNDM2M2JjN2M0YzAiOnsiY3JlYXRlIjoxMjAwMDAwMDAwMDAwLCJkZWxldGUiOjEyMDAwMDAwMDAwMDAsInVwZGF0ZSI6MTIwMDAwMDAwMDAwMH19",
          "dependencies": [
            "google_pubsub_topic.vm_status_topic"
          ]
        }
      ]
    },
    {
      "mode": "managed",
      "type": "google_pubsub_topic",
      "name": "dag_updates",
      "provider": "provider[\"registry.terraform.io/hashicorp/google\"]",
      "instances": [
        {
          "schema_version": 0,
          "attributes": {
            "id": "projects/liti-case-analytics-engineer/topics/dag-updates-topic",
            "kms_key_name": "",
            "labels": {},
            "message_retention_duration": "",
            "message_storage_policy": [],
            "name": "dag-updates-topic",
            "project": "liti-case-analytics-engineer",
            "schema_settings": [],
            "timeouts": null
          },
          "sensitive_attributes": [],
          "private": "eyJlMmJmYjczMC1lY2FhLTExZTYtOGY4OC0zNDM2M2JjN2M0YzAiOnsiY3JlYXRlIjoxMjAwMDAwMDAwMDAwLCJkZWxldGUiOjEyMDAwMDAwMDAwMDAsInVwZGF0ZSI6MTIwMDAwMDAwMDAwMH19"
        }
      ]
    },
    {
      "mode": "managed",
      "type": "google_pubsub_topic",
      "name": "vm_status_topic",
      "provider": "provider[\"registry.terraform.io/hashicorp/google\"]",
      "instances": [
        {
          "schema_version": 0,
          "attributes": {
            "id": "projects/liti-case-analytics-engineer/topics/vm-status-topic",
            "kms_key_name": "",
            "labels": {},
            "message_retention_duration": "",
            "message_storage_policy": [],
            "name": "vm-status-topic",
            "project": "liti-case-analytics-engineer",
            "schema_settings": [],
            "timeouts": null
          },
          "sensitive_attributes": [],
          "private": "eyJlMmJmYjczMC1lY2FhLTExZTYtOGY4OC0zNDM2M2JjN2M0YzAiOnsiY3JlYXRlIjoxMjAwMDAwMDAwMDAwLCJkZWxldGUiOjEyMDAwMDAwMDAwMDAsInVwZGF0ZSI6MTIwMDAwMDAwMDAwMH19"
        }
      ]
    },
    {
      "mode": "managed",
      "type": "google_pubsub_topic_iam_member",
      "name": "allow_gcs_publisher",
      "provider": "provider[\"registry.terraform.io/hashicorp/google\"]",
      "instances": [
        {
          "schema_version": 0,
          "attributes": {
            "condition": [],
            "etag": "BwYjMzqVl7o=",
            "id": "projects/liti-case-analytics-engineer/topics/dag-updates-topic/roles/pubsub.publisher/serviceAccount:service-1076278144221@gs-project-accounts.iam.gserviceaccount.com",
            "member": "serviceAccount:service-1076278144221@gs-project-accounts.iam.gserviceaccount.com",
            "project": "liti-case-analytics-engineer",
            "role": "roles/pubsub.publisher",
            "topic": "projects/liti-case-analytics-engineer/topics/dag-updates-topic"
          },
          "sensitive_attributes": [],
          "private": "bnVsbA==",
          "dependencies": [
            "google_pubsub_topic.dag_updates"
          ]
        }
      ]
    },
    {
      "mode": "managed",
      "type": "google_secret_manager_secret",
      "name": "airflow_api_password",
      "provider": "provider[\"registry.terraform.io/hashicorp/google\"]",
      "instances": [
        {
          "schema_version": 0,
          "attributes": {
            "annotations": {},
            "create_time": "2024-09-28T20:21:44.727512Z",
            "expire_time": "",
            "id": "projects/liti-case-analytics-engineer/secrets/airflow-api-password",
            "labels": {},
            "name": "projects/1076278144221/secrets/airflow-api-password",
            "project": "liti-case-analytics-engineer",
            "replication": [
              {
                "auto": [
                  {
                    "customer_managed_encryption": []
                  }
                ],
                "automatic": false,
                "user_managed": []
              }
            ],
            "rotation": [],
            "secret_id": "airflow-api-password",
            "timeouts": null,
            "topics": [],
            "ttl": null,
            "version_aliases": {}
          },
          "sensitive_attributes": [],
          "private": "eyJlMmJmYjczMC1lY2FhLTExZTYtOGY4OC0zNDM2M2JjN2M0YzAiOnsiY3JlYXRlIjoxMjAwMDAwMDAwMDAwLCJkZWxldGUiOjEyMDAwMDAwMDAwMDAsInVwZGF0ZSI6MTIwMDAwMDAwMDAwMH19"
        }
      ]
    },
    {
      "mode": "managed",
      "type": "google_secret_manager_secret",
      "name": "airflow_api_url",
      "provider": "provider[\"registry.terraform.io/hashicorp/google\"]",
      "instances": [
        {
          "schema_version": 0,
          "attributes": {
            "annotations": {},
            "create_time": "2024-09-28T19:54:16.052435Z",
            "expire_time": "",
            "id": "projects/liti-case-analytics-engineer/secrets/airflow-api-url",
            "labels": {},
            "name": "projects/1076278144221/secrets/airflow-api-url",
            "project": "liti-case-analytics-engineer",
            "replication": [
              {
                "auto": [
                  {
                    "customer_managed_encryption": []
                  }
                ],
                "automatic": false,
                "user_managed": []
              }
            ],
            "rotation": [],
            "secret_id": "airflow-api-url",
            "timeouts": null,
            "topics": [],
            "ttl": null,
            "version_aliases": {}
          },
          "sensitive_attributes": [],
          "private": "eyJlMmJmYjczMC1lY2FhLTExZTYtOGY4OC0zNDM2M2JjN2M0YzAiOnsiY3JlYXRlIjoxMjAwMDAwMDAwMDAwLCJkZWxldGUiOjEyMDAwMDAwMDAwMDAsInVwZGF0ZSI6MTIwMDAwMDAwMDAwMH19"
        }
      ]
    },
    {
      "mode": "managed",
      "type": "google_secret_manager_secret",
      "name": "airflow_api_username",
      "provider": "provider[\"registry.terraform.io/hashicorp/google\"]",
      "instances": [
        {
          "schema_version": 0,
          "attributes": {
            "annotations": {},
            "create_time": "2024-09-28T20:21:44.745478Z",
            "expire_time": "",
            "id": "projects/liti-case-analytics-engineer/secrets/airflow-api-username",
            "labels": {},
            "name": "projects/1076278144221/secrets/airflow-api-username",
            "project": "liti-case-analytics-engineer",
            "replication": [
              {
                "auto": [
                  {
                    "customer_managed_encryption": []
                  }
                ],
                "automatic": false,
                "user_managed": []
              }
            ],
            "rotation": [],
            "secret_id": "airflow-api-username",
            "timeouts": null,
            "topics": [],
            "ttl": null,
            "version_aliases": {}
          },
          "sensitive_attributes": [],
          "private": "eyJlMmJmYjczMC1lY2FhLTExZTYtOGY4OC0zNDM2M2JjN2M0YzAiOnsiY3JlYXRlIjoxMjAwMDAwMDAwMDAwLCJkZWxldGUiOjEyMDAwMDAwMDAwMDAsInVwZGF0ZSI6MTIwMDAwMDAwMDAwMH19"
        }
      ]
    },
    {
      "mode": "managed",
      "type": "google_secret_manager_secret_version",
      "name": "airflow_api_password_version",
      "provider": "provider[\"registry.terraform.io/hashicorp/google\"]",
      "instances": [
        {
          "schema_version": 0,
          "attributes": {
            "create_time": "2024-09-28T20:21:47.912988Z",
            "deletion_policy": "DELETE",
            "destroy_time": "",
            "enabled": true,
            "id": "projects/1076278144221/secrets/airflow-api-password/versions/1",
            "is_secret_data_base64": false,
            "name": "projects/1076278144221/secrets/airflow-api-password/versions/1",
            "secret": "projects/liti-case-analytics-engineer/secrets/airflow-api-password",
            "secret_data": "admin",
            "timeouts": null,
            "version": "1"
          },
          "sensitive_attributes": [
            [
              {
                "type": "get_attr",
                "value": "secret_data"
              }
            ]
          ],
          "private": "eyJlMmJmYjczMC1lY2FhLTExZTYtOGY4OC0zNDM2M2JjN2M0YzAiOnsiY3JlYXRlIjoxMjAwMDAwMDAwMDAwLCJkZWxldGUiOjEyMDAwMDAwMDAwMDB9fQ==",
          "dependencies": [
            "google_secret_manager_secret.airflow_api_password"
          ]
        }
      ]
    },
    {
      "mode": "managed",
      "type": "google_secret_manager_secret_version",
      "name": "airflow_api_url_version",
      "provider": "provider[\"registry.terraform.io/hashicorp/google\"]",
      "instances": [
        {
          "schema_version": 0,
          "attributes": {
            "create_time": "2024-09-28T19:54:20.451566Z",
            "deletion_policy": "DELETE",
            "destroy_time": "",
            "enabled": true,
            "id": "projects/1076278144221/secrets/airflow-api-url/versions/1",
            "is_secret_data_base64": false,
            "name": "projects/1076278144221/secrets/airflow-api-url/versions/1",
            "secret": "projects/liti-case-analytics-engineer/secrets/airflow-api-url",
            "secret_data": "https://35.197.20.45/api/v1/dags/sync_dags/dagRuns",
            "timeouts": null,
            "version": "1"
          },
          "sensitive_attributes": [
            [
              {
                "type": "get_attr",
                "value": "secret_data"
              }
            ]
          ],
          "private": "eyJlMmJmYjczMC1lY2FhLTExZTYtOGY4OC0zNDM2M2JjN2M0YzAiOnsiY3JlYXRlIjoxMjAwMDAwMDAwMDAwLCJkZWxldGUiOjEyMDAwMDAwMDAwMDB9fQ==",
          "dependencies": [
            "google_compute_address.airflow_ip",
            "google_secret_manager_secret.airflow_api_url"
          ]
        }
      ]
    },
    {
      "mode": "managed",
      "type": "google_secret_manager_secret_version",
      "name": "airflow_api_username_version",
      "provider": "provider[\"registry.terraform.io/hashicorp/google\"]",
      "instances": [
        {
          "schema_version": 0,
          "attributes": {
            "create_time": "2024-09-28T20:21:48.295737Z",
            "deletion_policy": "DELETE",
            "destroy_time": "",
            "enabled": true,
            "id": "projects/1076278144221/secrets/airflow-api-username/versions/1",
            "is_secret_data_base64": false,
            "name": "projects/1076278144221/secrets/airflow-api-username/versions/1",
            "secret": "projects/liti-case-analytics-engineer/secrets/airflow-api-username",
            "secret_data": "admin",
            "timeouts": null,
            "version": "1"
          },
          "sensitive_attributes": [
            [
              {
                "type": "get_attr",
                "value": "secret_data"
              }
            ]
          ],
          "private": "eyJlMmJmYjczMC1lY2FhLTExZTYtOGY4OC0zNDM2M2JjN2M0YzAiOnsiY3JlYXRlIjoxMjAwMDAwMDAwMDAwLCJkZWxldGUiOjEyMDAwMDAwMDAwMDB9fQ==",
          "dependencies": [
            "google_secret_manager_secret.airflow_api_username"
          ]
        }
      ]
    },
    {
      "mode": "managed",
      "type": "google_service_account",
      "name": "airbyte_sa",
      "provider": "provider[\"registry.terraform.io/hashicorp/google\"]",
      "instances": [
        {
          "schema_version": 0,
          "attributes": {
            "account_id": "airbyte-sa",
            "description": "",
            "disabled": false,
            "display_name": "Airbyte Service Account",
            "email": "airbyte-sa@liti-case-analytics-engineer.iam.gserviceaccount.com",
            "id": "projects/liti-case-analytics-engineer/serviceAccounts/airbyte-sa@liti-case-analytics-engineer.iam.gserviceaccount.com",
            "member": "serviceAccount:airbyte-sa@liti-case-analytics-engineer.iam.gserviceaccount.com",
            "name": "projects/liti-case-analytics-engineer/serviceAccounts/airbyte-sa@liti-case-analytics-engineer.iam.gserviceaccount.com",
            "project": "liti-case-analytics-engineer",
            "timeouts": null,
            "unique_id": "103941225771556365421"
          },
          "sensitive_attributes": [],
          "private": "eyJlMmJmYjczMC1lY2FhLTExZTYtOGY4OC0zNDM2M2JjN2M0YzAiOnsiY3JlYXRlIjozMDAwMDAwMDAwMDB9fQ=="
        }
      ]
    },
    {
      "mode": "managed",
      "type": "google_service_account",
      "name": "airflow_sa",
      "provider": "provider[\"registry.terraform.io/hashicorp/google\"]",
      "instances": [
        {
          "schema_version": 0,
          "attributes": {
            "account_id": "airflow-sa",
            "description": "",
            "disabled": false,
            "display_name": "Airflow Service Account",
            "email": "airflow-sa@liti-case-analytics-engineer.iam.gserviceaccount.com",
            "id": "projects/liti-case-analytics-engineer/serviceAccounts/airflow-sa@liti-case-analytics-engineer.iam.gserviceaccount.com",
            "member": "serviceAccount:airflow-sa@liti-case-analytics-engineer.iam.gserviceaccount.com",
            "name": "projects/liti-case-analytics-engineer/serviceAccounts/airflow-sa@liti-case-analytics-engineer.iam.gserviceaccount.com",
            "project": "liti-case-analytics-engineer",
            "timeouts": null,
            "unique_id": "107059735730291817488"
          },
          "sensitive_attributes": [],
          "private": "eyJlMmJmYjczMC1lY2FhLTExZTYtOGY4OC0zNDM2M2JjN2M0YzAiOnsiY3JlYXRlIjozMDAwMDAwMDAwMDB9fQ=="
        }
      ]
    },
    {
      "mode": "managed",
      "type": "google_service_account",
      "name": "cloud_function_sa",
      "provider": "provider[\"registry.terraform.io/hashicorp/google\"]",
      "instances": [
        {
          "schema_version": 0,
          "attributes": {
            "account_id": "cloudfunction-sa",
            "description": "",
            "disabled": false,
            "display_name": "Conta de Serviço para Cloud Functions",
            "email": "cloudfunction-sa@liti-case-analytics-engineer.iam.gserviceaccount.com",
            "id": "projects/liti-case-analytics-engineer/serviceAccounts/cloudfunction-sa@liti-case-analytics-engineer.iam.gserviceaccount.com",
            "member": "serviceAccount:cloudfunction-sa@liti-case-analytics-engineer.iam.gserviceaccount.com",
            "name": "projects/liti-case-analytics-engineer/serviceAccounts/cloudfunction-sa@liti-case-analytics-engineer.iam.gserviceaccount.com",
            "project": "liti-case-analytics-engineer",
            "timeouts": null,
            "unique_id": "109301897746908267992"
          },
          "sensitive_attributes": [],
          "private": "eyJlMmJmYjczMC1lY2FhLTExZTYtOGY4OC0zNDM2M2JjN2M0YzAiOnsiY3JlYXRlIjozMDAwMDAwMDAwMDB9fQ=="
        }
      ]
    },
    {
      "mode": "managed",
      "type": "google_service_account",
      "name": "metabase_sa",
      "provider": "provider[\"registry.terraform.io/hashicorp/google\"]",
      "instances": [
        {
          "schema_version": 0,
          "attributes": {
            "account_id": "metabase-sa",
            "description": "",
            "disabled": false,
            "display_name": "Metabase Service Account",
            "email": "metabase-sa@liti-case-analytics-engineer.iam.gserviceaccount.com",
            "id": "projects/liti-case-analytics-engineer/serviceAccounts/metabase-sa@liti-case-analytics-engineer.iam.gserviceaccount.com",
            "member": "serviceAccount:metabase-sa@liti-case-analytics-engineer.iam.gserviceaccount.com",
            "name": "projects/liti-case-analytics-engineer/serviceAccounts/metabase-sa@liti-case-analytics-engineer.iam.gserviceaccount.com",
            "project": "liti-case-analytics-engineer",
            "timeouts": null,
            "unique_id": "108714221652802682642"
          },
          "sensitive_attributes": [],
          "private": "eyJlMmJmYjczMC1lY2FhLTExZTYtOGY4OC0zNDM2M2JjN2M0YzAiOnsiY3JlYXRlIjozMDAwMDAwMDAwMDB9fQ=="
        }
      ]
    },
    {
      "mode": "managed",
      "type": "google_service_account",
      "name": "mongodb_sa",
      "provider": "provider[\"registry.terraform.io/hashicorp/google\"]",
      "instances": [
        {
          "schema_version": 0,
          "attributes": {
            "account_id": "mongodb-sa",
            "description": "",
            "disabled": false,
            "display_name": "MongoDB Service Account",
            "email": "mongodb-sa@liti-case-analytics-engineer.iam.gserviceaccount.com",
            "id": "projects/liti-case-analytics-engineer/serviceAccounts/mongodb-sa@liti-case-analytics-engineer.iam.gserviceaccount.com",
            "member": "serviceAccount:mongodb-sa@liti-case-analytics-engineer.iam.gserviceaccount.com",
            "name": "projects/liti-case-analytics-engineer/serviceAccounts/mongodb-sa@liti-case-analytics-engineer.iam.gserviceaccount.com",
            "project": "liti-case-analytics-engineer",
            "timeouts": null,
            "unique_id": "111757394528049711559"
          },
          "sensitive_attributes": [],
          "private": "eyJlMmJmYjczMC1lY2FhLTExZTYtOGY4OC0zNDM2M2JjN2M0YzAiOnsiY3JlYXRlIjozMDAwMDAwMDAwMDB9fQ=="
        }
      ]
    },
    {
      "mode": "managed",
      "type": "google_sql_database_instance",
      "name": "postgres_instance",
      "provider": "provider[\"registry.terraform.io/hashicorp/google\"]",
      "instances": [
        {
          "schema_version": 0,
          "attributes": {
            "available_maintenance_versions": [],
            "clone": [],
            "connection_name": "liti-case-analytics-engineer:us-west1:postgres-instance",
            "database_version": "POSTGRES_13",
            "deletion_protection": true,
            "dns_name": "",
            "encryption_key_name": null,
            "first_ip_address": "34.127.70.231",
            "id": "postgres-instance",
            "instance_type": "CLOUD_SQL_INSTANCE",
            "ip_address": [
              {
                "ip_address": "34.127.70.231",
                "time_to_retire": "",
                "type": "PRIMARY"
              },
              {
                "ip_address": "35.247.73.131",
                "time_to_retire": "",
                "type": "OUTGOING"
              }
            ],
            "maintenance_version": "POSTGRES_13_15.R20240514.00_12",
            "master_instance_name": "",
            "name": "postgres-instance",
            "private_ip_address": "",
            "project": "liti-case-analytics-engineer",
            "psc_service_attachment_link": "",
            "public_ip_address": "34.127.70.231",
            "region": "us-west1",
            "replica_configuration": [],
            "restore_backup_context": [],
            "root_password": null,
            "self_link": "https://sqladmin.googleapis.com/sql/v1beta4/projects/liti-case-analytics-engineer/instances/postgres-instance",
            "server_ca_cert": [
              {
                "cert": "-----BEGIN CERTIFICATE-----\nMIIDfzCCAmegAwIBAgIBADANBgkqhkiG9w0BAQsFADB3MS0wKwYDVQQuEyQxNjVj\nOGNlNC0zNTJhLTRmOTItOTQ3MS03ZTczNGUzOTlmN2IxIzAhBgNVBAMTGkdvb2ds\nZSBDbG91ZCBTUUwgU2VydmVyIENBMRQwEgYDVQQKEwtHb29nbGUsIEluYzELMAkG\nA1UEBhMCVVMwHhcNMjQwOTI2MDEwNjM5WhcNMzQwOTI0MDEwNzM5WjB3MS0wKwYD\nVQQuEyQxNjVjOGNlNC0zNTJhLTRmOTItOTQ3MS03ZTczNGUzOTlmN2IxIzAhBgNV\nBAMTGkdvb2dsZSBDbG91ZCBTUUwgU2VydmVyIENBMRQwEgYDVQQKEwtHb29nbGUs\nIEluYzELMAkGA1UEBhMCVVMwggEiMA0GCSqGSIb3DQEBAQUAA4IBDwAwggEKAoIB\nAQDQaJm1IGyNHy7knv+X0bZkhy9PMs4yz5nM/UtY3+7ufKP0CF+bgBpN7JXfyqjV\nnW4DphiC6MBb1dhcZ7evpaVA9vqDbGIoCpQyxlkEVX87ufYz2QN1XDNMQgQDX9Ds\ntpjxY9mEpHdGY6meczWtgm85ADvLS/i1MOWLyTkUmVfxisn1vb9DuZkWXz5Ue2S+\nfqw/bIvlSlf/tuL1OB2+Al2/Mv3/GnGJNAR5rDNTtf5olvOsvMXjYf/XmFRM2DSl\ngRW3/ln4gOg8vuOPm1JSKpv7JC35lvlwCyCX930PIJmsfrOiBYt6TBfF2jeM1Kdf\nlmvJHQ9EqIzyxQdJzUWY+1YFAgMBAAGjFjAUMBIGA1UdEwEB/wQIMAYBAf8CAQAw\nDQYJKoZIhvcNAQELBQADggEBAIdPpSLDRSHl8DHZMdHKUCFwLXHOSM8ks20lgZ+t\ngPSqp5K2u4QIU6TTJP014j73mI+d/ODlCKae846nddSzDEvd304hBn3HifIyWd5Q\nBE+xG5bEOdUe19l7CWgmBcOUhcU/cIn/jAbc+y1FQp1Z5spiBYCKIXB2FB4NZeh9\neIKq0dHrdwli7Bnu0eJpli6htTq9CoAPhQaQz9z0XhOaXrGCSPYfEfGMf0c1QaaM\n0jWQTjUAvfXm4kHEd0fH77ZMhOJbcGtLfmfc0kj6JP/k6koU4SDUjN4QHAX44jJp\n6VJMAHQ2ufLxZ0D0O4xKwkpl6988L/iAOGrDS35izmJ7Xek=\n-----END CERTIFICATE-----",
                "common_name": "C=US,O=Google\\, Inc,CN=Google Cloud SQL Server CA,dnQualifier=165c8ce4-352a-4f92-9471-7e734e399f7b",
                "create_time": "2024-09-26T01:06:39.327Z",
                "expiration_time": "2034-09-24T01:07:39.327Z",
                "sha1_fingerprint": "98711a80b597414f4ae14afe62cd74dc372b5916"
              }
            ],
            "service_account_email_address": "p1076278144221-l5489o@gcp-sa-cloud-sql.iam.gserviceaccount.com",
            "settings": [
              {
                "activation_policy": "ALWAYS",
                "active_directory_config": [],
                "advanced_machine_features": [],
                "availability_type": "ZONAL",
                "backup_configuration": [
                  {
                    "backup_retention_settings": [
                      {
                        "retained_backups": 7,
                        "retention_unit": "COUNT"
                      }
                    ],
                    "binary_log_enabled": false,
                    "enabled": false,
                    "location": "",
                    "point_in_time_recovery_enabled": false,
                    "start_time": "00:00",
                    "transaction_log_retention_days": 7
                  }
                ],
                "collation": "",
                "connector_enforcement": "NOT_REQUIRED",
                "data_cache_config": [],
                "database_flags": [],
                "deletion_protection_enabled": false,
                "deny_maintenance_period": [],
                "disk_autoresize": true,
                "disk_autoresize_limit": 0,
                "disk_size": 10,
                "disk_type": "PD_SSD",
                "edition": "",
                "insights_config": [],
                "ip_configuration": [
                  {
                    "allocated_ip_range": "",
                    "authorized_networks": [
                      {
                        "expiration_time": "",
                        "name": "Dev-Alan",
                        "value": "177.128.8.127/32"
                      },
                      {
                        "expiration_time": "",
                        "name": "airbyte-instance",
                        "value": "35.230.48.12"
                      },
                      {
                        "expiration_time": "",
                        "name": "airflow-instance",
                        "value": "35.197.20.45"
                      },
                      {
                        "expiration_time": "",
                        "name": "metabase-instance",
                        "value": "35.230.80.123"
                      }
                    ],
                    "enable_private_path_for_google_cloud_services": false,
                    "ipv4_enabled": true,
                    "private_network": "",
                    "psc_config": [],
                    "require_ssl": false
                  }
                ],
                "location_preference": [
                  {
                    "follow_gae_application": "",
                    "secondary_zone": "",
                    "zone": "us-west1-a"
                  }
                ],
                "maintenance_window": [],
                "password_validation_policy": [],
                "pricing_plan": "PER_USE",
                "sql_server_audit_config": [],
                "tier": "db-f1-micro",
                "time_zone": "",
                "user_labels": {},
                "version": 10
              }
            ],
            "timeouts": null
          },
          "sensitive_attributes": [
            [
              {
                "type": "get_attr",
                "value": "root_password"
              }
            ]
          ],
          "private": "eyJlMmJmYjczMC1lY2FhLTExZTYtOGY4OC0zNDM2M2JjN2M0YzAiOnsiY3JlYXRlIjoyNDAwMDAwMDAwMDAwLCJkZWxldGUiOjE4MDAwMDAwMDAwMDAsInVwZGF0ZSI6MTgwMDAwMDAwMDAwMH19",
          "dependencies": [
            "google_compute_address.airbyte_ip",
            "google_compute_address.airflow_ip",
            "google_compute_address.metabase_ip"
          ]
        }
      ]
    },
    {
      "mode": "managed",
      "type": "google_sql_user",
      "name": "airflow_user",
      "provider": "provider[\"registry.terraform.io/hashicorp/google\"]",
      "instances": [
        {
          "schema_version": 1,
          "attributes": {
            "deletion_policy": null,
            "host": "",
            "id": "airflow_user//postgres-instance",
            "instance": "postgres-instance",
            "name": "airflow_user",
            "password": "your-secure-password",
            "password_policy": [],
            "project": "liti-case-analytics-engineer",
            "sql_server_user_details": [],
            "timeouts": null,
            "type": ""
          },
          "sensitive_attributes": [
            [
              {
                "type": "get_attr",
                "value": "password"
              }
            ]
          ],
          "private": "eyJlMmJmYjczMC1lY2FhLTExZTYtOGY4OC0zNDM2M2JjN2M0YzAiOnsiY3JlYXRlIjo2MDAwMDAwMDAwMDAsImRlbGV0ZSI6NjAwMDAwMDAwMDAwLCJ1cGRhdGUiOjYwMDAwMDAwMDAwMH0sInNjaGVtYV92ZXJzaW9uIjoiMSJ9",
          "dependencies": [
            "google_compute_address.airbyte_ip",
            "google_compute_address.airflow_ip",
            "google_compute_address.metabase_ip",
            "google_sql_database_instance.postgres_instance"
          ]
        }
      ]
    },
    {
      "mode": "managed",
      "type": "google_sql_user",
      "name": "metabase_user",
      "provider": "provider[\"registry.terraform.io/hashicorp/google\"]",
      "instances": [
        {
          "schema_version": 1,
          "attributes": {
            "deletion_policy": null,
            "host": "",
            "id": "metabase_user//postgres-instance",
            "instance": "postgres-instance",
            "name": "metabase_user",
            "password": "your-secure-password",
            "password_policy": [],
            "project": "liti-case-analytics-engineer",
            "sql_server_user_details": [],
            "timeouts": null,
            "type": ""
          },
          "sensitive_attributes": [
            [
              {
                "type": "get_attr",
                "value": "password"
              }
            ]
          ],
          "private": "eyJlMmJmYjczMC1lY2FhLTExZTYtOGY4OC0zNDM2M2JjN2M0YzAiOnsiY3JlYXRlIjo2MDAwMDAwMDAwMDAsImRlbGV0ZSI6NjAwMDAwMDAwMDAwLCJ1cGRhdGUiOjYwMDAwMDAwMDAwMH0sInNjaGVtYV92ZXJzaW9uIjoiMSJ9",
          "dependencies": [
            "google_compute_address.airbyte_ip",
            "google_compute_address.airflow_ip",
            "google_compute_address.metabase_ip",
            "google_sql_database_instance.postgres_instance"
          ]
        }
      ]
    },
    {
      "mode": "managed",
      "type": "google_storage_bucket",
      "name": "airflow_dags",
      "provider": "provider[\"registry.terraform.io/hashicorp/google\"]",
      "instances": [
        {
          "schema_version": 0,
          "attributes": {
            "autoclass": [],
            "cors": [],
            "custom_placement_config": [],
            "default_event_based_hold": false,
            "encryption": [],
            "force_destroy": true,
            "id": "airflow-dags-bucket-liti-case-analytics-engineer",
            "labels": {
              "managed-by": "terraform",
              "name": "airflow-dags-bucket-liti-case-analytics-engineer"
            },
            "lifecycle_rule": [],
            "location": "US-WEST1",
            "logging": [],
            "name": "airflow-dags-bucket-liti-case-analytics-engineer",
            "project": "liti-case-analytics-engineer",
            "public_access_prevention": "inherited",
            "requester_pays": false,
            "retention_policy": [],
            "self_link": "https://www.googleapis.com/storage/v1/b/airflow-dags-bucket-liti-case-analytics-engineer",
            "soft_delete_policy": [
              {
                "effective_time": "2024-09-28T17:59:48.407Z",
                "retention_duration_seconds": 604800
              }
            ],
            "storage_class": "STANDARD",
            "timeouts": null,
            "uniform_bucket_level_access": true,
            "url": "gs://airflow-dags-bucket-liti-case-analytics-engineer",
            "versioning": [],
            "website": []
          },
          "sensitive_attributes": [],
          "private": "eyJlMmJmYjczMC1lY2FhLTExZTYtOGY4OC0zNDM2M2JjN2M0YzAiOnsiY3JlYXRlIjo2MDAwMDAwMDAwMDAsInJlYWQiOjI0MDAwMDAwMDAwMCwidXBkYXRlIjoyNDAwMDAwMDAwMDB9fQ=="
        }
      ]
    },
    {
      "mode": "managed",
      "type": "google_storage_bucket",
      "name": "data_lake",
      "provider": "provider[\"registry.terraform.io/hashicorp/google\"]",
      "instances": [
        {
          "schema_version": 0,
          "attributes": {
            "autoclass": [],
            "cors": [],
            "custom_placement_config": [],
            "default_event_based_hold": false,
            "encryption": [],
            "force_destroy": true,
            "id": "data-lake-bucket-liti-case-analytics-engineer",
            "labels": {
              "managed-by": "terraform",
              "name": "data-lake-bucket-liti-case-analytics-engineer"
            },
            "lifecycle_rule": [],
            "location": "US-WEST1",
            "logging": [],
            "name": "data-lake-bucket-liti-case-analytics-engineer",
            "project": "liti-case-analytics-engineer",
            "public_access_prevention": "inherited",
            "requester_pays": false,
            "retention_policy": [],
            "self_link": "https://www.googleapis.com/storage/v1/b/data-lake-bucket-liti-case-analytics-engineer",
            "soft_delete_policy": [
              {
                "effective_time": "2024-09-26T01:05:55.548Z",
                "retention_duration_seconds": 604800
              }
            ],
            "storage_class": "STANDARD",
            "timeouts": null,
            "uniform_bucket_level_access": true,
            "url": "gs://data-lake-bucket-liti-case-analytics-engineer",
            "versioning": [],
            "website": []
          },
          "sensitive_attributes": [],
          "private": "eyJlMmJmYjczMC1lY2FhLTExZTYtOGY4OC0zNDM2M2JjN2M0YzAiOnsiY3JlYXRlIjo2MDAwMDAwMDAwMDAsInJlYWQiOjI0MDAwMDAwMDAwMCwidXBkYXRlIjoyNDAwMDAwMDAwMDB9fQ=="
        }
      ]
    },
    {
      "mode": "managed",
      "type": "google_storage_bucket",
      "name": "functions_bucket",
      "provider": "provider[\"registry.terraform.io/hashicorp/google\"]",
      "instances": [
        {
          "schema_version": 0,
          "attributes": {
            "autoclass": [],
            "cors": [],
            "custom_placement_config": [],
            "default_event_based_hold": false,
            "encryption": [],
            "force_destroy": true,
            "id": "liti-case-analytics-engineer-functions-code",
            "labels": {},
            "lifecycle_rule": [],
            "location": "US-WEST1",
            "logging": [],
            "name": "liti-case-analytics-engineer-functions-code",
            "project": "liti-case-analytics-engineer",
            "public_access_prevention": "inherited",
            "requester_pays": false,
            "retention_policy": [],
            "self_link": "https://www.googleapis.com/storage/v1/b/liti-case-analytics-engineer-functions-code",
            "soft_delete_policy": [
              {
                "effective_time": "2024-09-28T19:37:26.109Z",
                "retention_duration_seconds": 604800
              }
            ],
            "storage_class": "STANDARD",
            "timeouts": null,
            "uniform_bucket_level_access": false,
            "url": "gs://liti-case-analytics-engineer-functions-code",
            "versioning": [],
            "website": []
          },
          "sensitive_attributes": [],
          "private": "eyJlMmJmYjczMC1lY2FhLTExZTYtOGY4OC0zNDM2M2JjN2M0YzAiOnsiY3JlYXRlIjo2MDAwMDAwMDAwMDAsInJlYWQiOjI0MDAwMDAwMDAwMCwidXBkYXRlIjoyNDAwMDAwMDAwMDB9fQ=="
        }
      ]
    },
    {
      "mode": "managed",
      "type": "google_storage_bucket_iam_member",
      "name": "airflow_bucket_reader",
      "provider": "provider[\"registry.terraform.io/hashicorp/google\"]",
      "instances": [
        {
          "schema_version": 0,
          "attributes": {
            "bucket": "b/airflow-dags-bucket-liti-case-analytics-engineer",
            "condition": [],
            "etag": "CAM=",
            "id": "b/airflow-dags-bucket-liti-case-analytics-engineer/roles/storage.objectViewer/serviceAccount:airflow-sa@liti-case-analytics-engineer.iam.gserviceaccount.com",
            "member": "serviceAccount:airflow-sa@liti-case-analytics-engineer.iam.gserviceaccount.com",
            "role": "roles/storage.objectViewer"
          },
          "sensitive_attributes": [],
          "private": "bnVsbA==",
          "dependencies": [
            "google_service_account.airflow_sa",
            "google_storage_bucket.airflow_dags"
          ]
        }
      ]
    },
    {
      "mode": "managed",
      "type": "google_storage_bucket_iam_member",
      "name": "mongodb_sa_access",
      "provider": "provider[\"registry.terraform.io/hashicorp/google\"]",
      "instances": [
        {
          "schema_version": 0,
          "attributes": {
            "bucket": "b/liti_case_analytics_engineer_filedump",
            "condition": [],
            "etag": "CAM=",
            "id": "b/liti_case_analytics_engineer_filedump/roles/storage.objectViewer/serviceAccount:mongodb-sa@liti-case-analytics-engineer.iam.gserviceaccount.com",
            "member": "serviceAccount:mongodb-sa@liti-case-analytics-engineer.iam.gserviceaccount.com",
            "role": "roles/storage.objectViewer"
          },
          "sensitive_attributes": [],
          "private": "bnVsbA==",
          "dependencies": [
            "google_service_account.mongodb_sa"
          ]
        }
      ]
    },
    {
      "mode": "managed",
      "type": "google_storage_bucket_object",
      "name": "function_zip",
      "provider": "provider[\"registry.terraform.io/hashicorp/google\"]",
      "instances": [
        {
          "schema_version": 0,
          "attributes": {
            "bucket": "liti-case-analytics-engineer-functions-code",
            "cache_control": "",
            "content": null,
            "content_disposition": "",
            "content_encoding": "",
            "content_language": "",
            "content_type": "application/zip",
            "crc32c": "/nCgSA==",
            "customer_encryption": [],
            "detect_md5hash": "svmdgG0tHZhZLKhaZDC/wQ==",
            "event_based_hold": false,
            "id": "liti-case-analytics-engineer-functions-code-trigger_airflow_sync.zip",
            "kms_key_name": "",
            "md5hash": "svmdgG0tHZhZLKhaZDC/wQ==",
            "media_link": "https://storage.googleapis.com/download/storage/v1/b/liti-case-analytics-engineer-functions-code/o/trigger_airflow_sync.zip?generation=1727554904585014\u0026alt=media",
            "metadata": {},
            "name": "trigger_airflow_sync.zip",
            "output_name": "trigger_airflow_sync.zip",
            "self_link": "https://www.googleapis.com/storage/v1/b/liti-case-analytics-engineer-functions-code/o/trigger_airflow_sync.zip",
            "source": "cloud_functions/trigger_airflow_sync.zip",
            "storage_class": "STANDARD",
            "temporary_hold": false,
            "timeouts": null
          },
          "sensitive_attributes": [
            [
              {
                "type": "get_attr",
                "value": "content"
              }
            ]
          ],
          "private": "eyJlMmJmYjczMC1lY2FhLTExZTYtOGY4OC0zNDM2M2JjN2M0YzAiOnsiY3JlYXRlIjoyNDAwMDAwMDAwMDAsImRlbGV0ZSI6MjQwMDAwMDAwMDAwLCJ1cGRhdGUiOjI0MDAwMDAwMDAwMH19",
          "dependencies": [
            "data.archive_file.trigger_airflow_sync_zip",
            "google_storage_bucket.functions_bucket"
          ]
        }
      ]
    },
    {
      "mode": "managed",
      "type": "google_storage_notification",
      "name": "dag_updates_notification",
      "provider": "provider[\"registry.terraform.io/hashicorp/google\"]",
      "instances": [
        {
          "schema_version": 0,
          "attributes": {
            "bucket": "airflow-dags-bucket-liti-case-analytics-engineer",
            "custom_attributes": {},
            "event_types": [
              "OBJECT_FINALIZE"
            ],
            "id": "airflow-dags-bucket-liti-case-analytics-engineer/notificationConfigs/2",
            "notification_id": "2",
            "object_name_prefix": "",
            "payload_format": "JSON_API_V1",
            "self_link": "https://www.googleapis.com/storage/v1/b/airflow-dags-bucket-liti-case-analytics-engineer/notificationConfigs/2",
            "topic": "//pubsub.googleapis.com/projects/liti-case-analytics-engineer/topics/dag-updates-topic"
          },
          "sensitive_attributes": [],
          "private": "bnVsbA==",
          "dependencies": [
            "google_pubsub_topic.dag_updates",
            "google_storage_bucket.airflow_dags"
          ]
        }
      ]
    }
  ],
  "check_results": null
}
